// !$*UTF8*$!
{
	archiveVersion = 1;
	classes = {
	};
	objectVersion = 56;
	objects = {

/* Begin PBXBuildFile section */
		66B033182A9C7D42007FB5D3 /* AppDelegate.swift in Sources */ = {isa = PBXBuildFile; fileRef = 66B033172A9C7D42007FB5D3 /* AppDelegate.swift */; };
		66B0331A2A9C7D42007FB5D3 /* SceneDelegate.swift in Sources */ = {isa = PBXBuildFile; fileRef = 66B033192A9C7D42007FB5D3 /* SceneDelegate.swift */; };
		66B0331C2A9C7D42007FB5D3 /* ViewController.swift in Sources */ = {isa = PBXBuildFile; fileRef = 66B0331B2A9C7D42007FB5D3 /* ViewController.swift */; };
		66B0331F2A9C7D42007FB5D3 /* Main.storyboard in Resources */ = {isa = PBXBuildFile; fileRef = 66B0331D2A9C7D42007FB5D3 /* Main.storyboard */; };
		66B033212A9C7D42007FB5D3 /* Assets.xcassets in Resources */ = {isa = PBXBuildFile; fileRef = 66B033202A9C7D42007FB5D3 /* Assets.xcassets */; };
		66B033242A9C7D42007FB5D3 /* LaunchScreen.storyboard in Resources */ = {isa = PBXBuildFile; fileRef = 66B033222A9C7D42007FB5D3 /* LaunchScreen.storyboard */; };
		66B0332D2A9C7D55007FB5D3 /* Kingfisher in Frameworks */ = {isa = PBXBuildFile; productRef = 66B0332C2A9C7D55007FB5D3 /* Kingfisher */; };
		66B033302A9C7D65007FB5D3 /* SnapKit in Frameworks */ = {isa = PBXBuildFile; productRef = 66B0332F2A9C7D65007FB5D3 /* SnapKit */; };
		66B033332A9C7D79007FB5D3 /* RxCocoa in Frameworks */ = {isa = PBXBuildFile; productRef = 66B033322A9C7D78007FB5D3 /* RxCocoa */; };
		66B033352A9C7D79007FB5D3 /* RxSwift in Frameworks */ = {isa = PBXBuildFile; productRef = 66B033342A9C7D79007FB5D3 /* RxSwift */; };
		66B0333B2A9C804C007FB5D3 /* RxAlamofire in Frameworks */ = {isa = PBXBuildFile; productRef = 66B0333A2A9C804C007FB5D3 /* RxAlamofire */; };
		66B0333E2A9C836D007FB5D3 /* Const.swift in Sources */ = {isa = PBXBuildFile; fileRef = 66B0333D2A9C836D007FB5D3 /* Const.swift */; };
		66B033412A9C8623007FB5D3 /* TV.swift in Sources */ = {isa = PBXBuildFile; fileRef = 66B033402A9C8623007FB5D3 /* TV.swift */; };
		66B033432A9C89CD007FB5D3 /* Movie.swift in Sources */ = {isa = PBXBuildFile; fileRef = 66B033422A9C89CD007FB5D3 /* Movie.swift */; };
		66B033452A9C8C4A007FB5D3 /* MovieResult.swift in Sources */ = {isa = PBXBuildFile; fileRef = 66B033442A9C8C4A007FB5D3 /* MovieResult.swift */; };
		66B033482A9C91E1007FB5D3 /* Network.swift in Sources */ = {isa = PBXBuildFile; fileRef = 66B033472A9C91E1007FB5D3 /* Network.swift */; };
		66B0334A2A9C951E007FB5D3 /* TVNetwork.swift in Sources */ = {isa = PBXBuildFile; fileRef = 66B033492A9C951E007FB5D3 /* TVNetwork.swift */; };
		66B0334C2A9C95FC007FB5D3 /* MovieNetwork.swift in Sources */ = {isa = PBXBuildFile; fileRef = 66B0334B2A9C95FC007FB5D3 /* MovieNetwork.swift */; };
		66B0334E2A9C96FE007FB5D3 /* NetworkProvider.swift in Sources */ = {isa = PBXBuildFile; fileRef = 66B0334D2A9C96FE007FB5D3 /* NetworkProvider.swift */; };
		66B033512A9C9A59007FB5D3 /* ButtonView.swift in Sources */ = {isa = PBXBuildFile; fileRef = 66B033502A9C9A59007FB5D3 /* ButtonView.swift */; };
/* End PBXBuildFile section */

/* Begin PBXFileReference section */
		66B033142A9C7D42007FB5D3 /* TVMOVIEProject.app */ = {isa = PBXFileReference; explicitFileType = wrapper.application; includeInIndex = 0; path = TVMOVIEProject.app; sourceTree = BUILT_PRODUCTS_DIR; };
		66B033172A9C7D42007FB5D3 /* AppDelegate.swift */ = {isa = PBXFileReference; lastKnownFileType = sourcecode.swift; path = AppDelegate.swift; sourceTree = "<group>"; };
		66B033192A9C7D42007FB5D3 /* SceneDelegate.swift */ = {isa = PBXFileReference; lastKnownFileType = sourcecode.swift; path = SceneDelegate.swift; sourceTree = "<group>"; };
		66B0331B2A9C7D42007FB5D3 /* ViewController.swift */ = {isa = PBXFileReference; lastKnownFileType = sourcecode.swift; path = ViewController.swift; sourceTree = "<group>"; };
		66B0331E2A9C7D42007FB5D3 /* Base */ = {isa = PBXFileReference; lastKnownFileType = file.storyboard; name = Base; path = Base.lproj/Main.storyboard; sourceTree = "<group>"; };
		66B033202A9C7D42007FB5D3 /* Assets.xcassets */ = {isa = PBXFileReference; lastKnownFileType = folder.assetcatalog; path = Assets.xcassets; sourceTree = "<group>"; };
		66B033232A9C7D42007FB5D3 /* Base */ = {isa = PBXFileReference; lastKnownFileType = file.storyboard; name = Base; path = Base.lproj/LaunchScreen.storyboard; sourceTree = "<group>"; };
		66B033252A9C7D42007FB5D3 /* Info.plist */ = {isa = PBXFileReference; lastKnownFileType = text.plist.xml; path = Info.plist; sourceTree = "<group>"; };
		66B0333D2A9C836D007FB5D3 /* Const.swift */ = {isa = PBXFileReference; lastKnownFileType = sourcecode.swift; path = Const.swift; sourceTree = "<group>"; };
		66B033402A9C8623007FB5D3 /* TV.swift */ = {isa = PBXFileReference; lastKnownFileType = sourcecode.swift; path = TV.swift; sourceTree = "<group>"; };
		66B033422A9C89CD007FB5D3 /* Movie.swift */ = {isa = PBXFileReference; lastKnownFileType = sourcecode.swift; path = Movie.swift; sourceTree = "<group>"; };
		66B033442A9C8C4A007FB5D3 /* MovieResult.swift */ = {isa = PBXFileReference; lastKnownFileType = sourcecode.swift; path = MovieResult.swift; sourceTree = "<group>"; };
		66B033472A9C91E1007FB5D3 /* Network.swift */ = {isa = PBXFileReference; lastKnownFileType = sourcecode.swift; path = Network.swift; sourceTree = "<group>"; };
		66B033492A9C951E007FB5D3 /* TVNetwork.swift */ = {isa = PBXFileReference; lastKnownFileType = sourcecode.swift; path = TVNetwork.swift; sourceTree = "<group>"; };
		66B0334B2A9C95FC007FB5D3 /* MovieNetwork.swift */ = {isa = PBXFileReference; lastKnownFileType = sourcecode.swift; path = MovieNetwork.swift; sourceTree = "<group>"; };
		66B0334D2A9C96FE007FB5D3 /* NetworkProvider.swift */ = {isa = PBXFileReference; lastKnownFileType = sourcecode.swift; path = NetworkProvider.swift; sourceTree = "<group>"; };
		66B033502A9C9A59007FB5D3 /* ButtonView.swift */ = {isa = PBXFileReference; lastKnownFileType = sourcecode.swift; path = ButtonView.swift; sourceTree = "<group>"; };
/* End PBXFileReference section */

/* Begin PBXFrameworksBuildPhase section */
		66B033112A9C7D42007FB5D3 /* Frameworks */ = {
			isa = PBXFrameworksBuildPhase;
			buildActionMask = 2147483647;
			files = (
				66B033332A9C7D79007FB5D3 /* RxCocoa in Frameworks */,
				66B0332D2A9C7D55007FB5D3 /* Kingfisher in Frameworks */,
				66B0333B2A9C804C007FB5D3 /* RxAlamofire in Frameworks */,
				66B033352A9C7D79007FB5D3 /* RxSwift in Frameworks */,
				66B033302A9C7D65007FB5D3 /* SnapKit in Frameworks */,
			);
			runOnlyForDeploymentPostprocessing = 0;
		};
/* End PBXFrameworksBuildPhase section */

/* Begin PBXGroup section */
		66B0330B2A9C7D41007FB5D3 = {
			isa = PBXGroup;
			children = (
				66B033162A9C7D42007FB5D3 /* TVMOVIEProject */,
				66B033152A9C7D42007FB5D3 /* Products */,
			);
			sourceTree = "<group>";
		};
		66B033152A9C7D42007FB5D3 /* Products */ = {
			isa = PBXGroup;
			children = (
				66B033142A9C7D42007FB5D3 /* TVMOVIEProject.app */,
			);
			name = Products;
			sourceTree = "<group>";
		};
		66B033162A9C7D42007FB5D3 /* TVMOVIEProject */ = {
			isa = PBXGroup;
			children = (
				66B0334F2A9C9A44007FB5D3 /* View */,
				66B0333F2A9C8619007FB5D3 /* Model */,
				66B0333C2A9C8361007FB5D3 /* Network */,
				66B033172A9C7D42007FB5D3 /* AppDelegate.swift */,
				66B033192A9C7D42007FB5D3 /* SceneDelegate.swift */,
				66B0331B2A9C7D42007FB5D3 /* ViewController.swift */,
				66B0331D2A9C7D42007FB5D3 /* Main.storyboard */,
				66B033202A9C7D42007FB5D3 /* Assets.xcassets */,
				66B033222A9C7D42007FB5D3 /* LaunchScreen.storyboard */,
				66B033252A9C7D42007FB5D3 /* Info.plist */,
			);
			path = TVMOVIEProject;
			sourceTree = "<group>";
		};
		66B0333C2A9C8361007FB5D3 /* Network */ = {
			isa = PBXGroup;
			children = (
				66B0333D2A9C836D007FB5D3 /* Const.swift */,
				66B033472A9C91E1007FB5D3 /* Network.swift */,
				66B033492A9C951E007FB5D3 /* TVNetwork.swift */,
				66B0334B2A9C95FC007FB5D3 /* MovieNetwork.swift */,
				66B0334D2A9C96FE007FB5D3 /* NetworkProvider.swift */,
			);
			path = Network;
			sourceTree = "<group>";
		};
		66B0333F2A9C8619007FB5D3 /* Model */ = {
			isa = PBXGroup;
			children = (
				66B033402A9C8623007FB5D3 /* TV.swift */,
				66B033422A9C89CD007FB5D3 /* Movie.swift */,
				66B033442A9C8C4A007FB5D3 /* MovieResult.swift */,
			);
			path = Model;
			sourceTree = "<group>";
		};
		66B0334F2A9C9A44007FB5D3 /* View */ = {
			isa = PBXGroup;
			children = (
				66B033502A9C9A59007FB5D3 /* ButtonView.swift */,
			);
			path = View;
			sourceTree = "<group>";
		};
/* End PBXGroup section */

/* Begin PBXNativeTarget section */
		66B033132A9C7D42007FB5D3 /* TVMOVIEProject */ = {
			isa = PBXNativeTarget;
			buildConfigurationList = 66B033282A9C7D42007FB5D3 /* Build configuration list for PBXNativeTarget "TVMOVIEProject" */;
			buildPhases = (
				66B033102A9C7D42007FB5D3 /* Sources */,
				66B033112A9C7D42007FB5D3 /* Frameworks */,
				66B033122A9C7D42007FB5D3 /* Resources */,
			);
			buildRules = (
			);
			dependencies = (
			);
			name = TVMOVIEProject;
			packageProductDependencies = (
				66B0332C2A9C7D55007FB5D3 /* Kingfisher */,
				66B0332F2A9C7D65007FB5D3 /* SnapKit */,
				66B033322A9C7D78007FB5D3 /* RxCocoa */,
				66B033342A9C7D79007FB5D3 /* RxSwift */,
				66B0333A2A9C804C007FB5D3 /* RxAlamofire */,
			);
			productName = TVMOVIEProject;
			productReference = 66B033142A9C7D42007FB5D3 /* TVMOVIEProject.app */;
			productType = "com.apple.product-type.application";
		};
/* End PBXNativeTarget section */

/* Begin PBXProject section */
		66B0330C2A9C7D41007FB5D3 /* Project object */ = {
			isa = PBXProject;
			attributes = {
				BuildIndependentTargetsInParallel = 1;
				LastSwiftUpdateCheck = 1430;
				LastUpgradeCheck = 1430;
				TargetAttributes = {
					66B033132A9C7D42007FB5D3 = {
						CreatedOnToolsVersion = 14.3.1;
					};
				};
			};
			buildConfigurationList = 66B0330F2A9C7D41007FB5D3 /* Build configuration list for PBXProject "TVMOVIEProject" */;
			compatibilityVersion = "Xcode 14.0";
			developmentRegion = en;
			hasScannedForEncodings = 0;
			knownRegions = (
				en,
				Base,
			);
			mainGroup = 66B0330B2A9C7D41007FB5D3;
			packageReferences = (
				66B0332B2A9C7D55007FB5D3 /* XCRemoteSwiftPackageReference "Kingfisher" */,
				66B0332E2A9C7D65007FB5D3 /* XCRemoteSwiftPackageReference "SnapKit" */,
				66B033312A9C7D78007FB5D3 /* XCRemoteSwiftPackageReference "RxSwift" */,
				66B033392A9C804C007FB5D3 /* XCRemoteSwiftPackageReference "RxAlamofire" */,
			);
			productRefGroup = 66B033152A9C7D42007FB5D3 /* Products */;
			projectDirPath = "";
			projectRoot = "";
			targets = (
				66B033132A9C7D42007FB5D3 /* TVMOVIEProject */,
			);
		};
/* End PBXProject section */

/* Begin PBXResourcesBuildPhase section */
		66B033122A9C7D42007FB5D3 /* Resources */ = {
			isa = PBXResourcesBuildPhase;
			buildActionMask = 2147483647;
			files = (
				66B033242A9C7D42007FB5D3 /* LaunchScreen.storyboard in Resources */,
				66B033212A9C7D42007FB5D3 /* Assets.xcassets in Resources */,
				66B0331F2A9C7D42007FB5D3 /* Main.storyboard in Resources */,
			);
			runOnlyForDeploymentPostprocessing = 0;
		};
/* End PBXResourcesBuildPhase section */

/* Begin PBXSourcesBuildPhase section */
		66B033102A9C7D42007FB5D3 /* Sources */ = {
			isa = PBXSourcesBuildPhase;
			buildActionMask = 2147483647;
			files = (
				66B033452A9C8C4A007FB5D3 /* MovieResult.swift in Sources */,
				66B0331C2A9C7D42007FB5D3 /* ViewController.swift in Sources */,
				66B033512A9C9A59007FB5D3 /* ButtonView.swift in Sources */,
				66B033482A9C91E1007FB5D3 /* Network.swift in Sources */,
				66B0334A2A9C951E007FB5D3 /* TVNetwork.swift in Sources */,
				66B0333E2A9C836D007FB5D3 /* Const.swift in Sources */,
				66B0334C2A9C95FC007FB5D3 /* MovieNetwork.swift in Sources */,
				66B033432A9C89CD007FB5D3 /* Movie.swift in Sources */,
				66B0334E2A9C96FE007FB5D3 /* NetworkProvider.swift in Sources */,
				66B033182A9C7D42007FB5D3 /* AppDelegate.swift in Sources */,
				66B033412A9C8623007FB5D3 /* TV.swift in Sources */,
				66B0331A2A9C7D42007FB5D3 /* SceneDelegate.swift in Sources */,
			);
			runOnlyForDeploymentPostprocessing = 0;
		};
/* End PBXSourcesBuildPhase section */

/* Begin PBXVariantGroup section */
		66B0331D2A9C7D42007FB5D3 /* Main.storyboard */ = {
			isa = PBXVariantGroup;
			children = (
				66B0331E2A9C7D42007FB5D3 /* Base */,
			);
			name = Main.storyboard;
			sourceTree = "<group>";
		};
		66B033222A9C7D42007FB5D3 /* LaunchScreen.storyboard */ = {
			isa = PBXVariantGroup;
			children = (
				66B033232A9C7D42007FB5D3 /* Base */,
			);
			name = LaunchScreen.storyboard;
			sourceTree = "<group>";
		};
/* End PBXVariantGroup section */

/* Begin XCBuildConfiguration section */
		66B033262A9C7D42007FB5D3 /* Debug */ = {
			isa = XCBuildConfiguration;
			buildSettings = {
				ALWAYS_SEARCH_USER_PATHS = NO;
				CLANG_ANALYZER_NONNULL = YES;
				CLANG_ANALYZER_NUMBER_OBJECT_CONVERSION = YES_AGGRESSIVE;
				CLANG_CXX_LANGUAGE_STANDARD = "gnu++20";
				CLANG_ENABLE_MODULES = YES;
				CLANG_ENABLE_OBJC_ARC = YES;
				CLANG_ENABLE_OBJC_WEAK = YES;
				CLANG_WARN_BLOCK_CAPTURE_AUTORELEASING = YES;
				CLANG_WARN_BOOL_CONVERSION = YES;
				CLANG_WARN_COMMA = YES;
				CLANG_WARN_CONSTANT_CONVERSION = YES;
				CLANG_WARN_DEPRECATED_OBJC_IMPLEMENTATIONS = YES;
				CLANG_WARN_DIRECT_OBJC_ISA_USAGE = YES_ERROR;
				CLANG_WARN_DOCUMENTATION_COMMENTS = YES;
				CLANG_WARN_EMPTY_BODY = YES;
				CLANG_WARN_ENUM_CONVERSION = YES;
				CLANG_WARN_INFINITE_RECURSION = YES;
				CLANG_WARN_INT_CONVERSION = YES;
				CLANG_WARN_NON_LITERAL_NULL_CONVERSION = YES;
				CLANG_WARN_OBJC_IMPLICIT_RETAIN_SELF = YES;
				CLANG_WARN_OBJC_LITERAL_CONVERSION = YES;
				CLANG_WARN_OBJC_ROOT_CLASS = YES_ERROR;
				CLANG_WARN_QUOTED_INCLUDE_IN_FRAMEWORK_HEADER = YES;
				CLANG_WARN_RANGE_LOOP_ANALYSIS = YES;
				CLANG_WARN_STRICT_PROTOTYPES = YES;
				CLANG_WARN_SUSPICIOUS_MOVE = YES;
				CLANG_WARN_UNGUARDED_AVAILABILITY = YES_AGGRESSIVE;
				CLANG_WARN_UNREACHABLE_CODE = YES;
				CLANG_WARN__DUPLICATE_METHOD_MATCH = YES;
				COPY_PHASE_STRIP = NO;
				DEBUG_INFORMATION_FORMAT = dwarf;
				ENABLE_STRICT_OBJC_MSGSEND = YES;
				ENABLE_TESTABILITY = YES;
				GCC_C_LANGUAGE_STANDARD = gnu11;
				GCC_DYNAMIC_NO_PIC = NO;
				GCC_NO_COMMON_BLOCKS = YES;
				GCC_OPTIMIZATION_LEVEL = 0;
				GCC_PREPROCESSOR_DEFINITIONS = (
					"DEBUG=1",
					"$(inherited)",
				);
				GCC_WARN_64_TO_32_BIT_CONVERSION = YES;
				GCC_WARN_ABOUT_RETURN_TYPE = YES_ERROR;
				GCC_WARN_UNDECLARED_SELECTOR = YES;
				GCC_WARN_UNINITIALIZED_AUTOS = YES_AGGRESSIVE;
				GCC_WARN_UNUSED_FUNCTION = YES;
				GCC_WARN_UNUSED_VARIABLE = YES;
				IPHONEOS_DEPLOYMENT_TARGET = 16.4;
				MTL_ENABLE_DEBUG_INFO = INCLUDE_SOURCE;
				MTL_FAST_MATH = YES;
				ONLY_ACTIVE_ARCH = YES;
				SDKROOT = iphoneos;
				SWIFT_ACTIVE_COMPILATION_CONDITIONS = DEBUG;
				SWIFT_OPTIMIZATION_LEVEL = "-Onone";
			};
			name = Debug;
		};
		66B033272A9C7D42007FB5D3 /* Release */ = {
			isa = XCBuildConfiguration;
			buildSettings = {
				ALWAYS_SEARCH_USER_PATHS = NO;
				CLANG_ANALYZER_NONNULL = YES;
				CLANG_ANALYZER_NUMBER_OBJECT_CONVERSION = YES_AGGRESSIVE;
				CLANG_CXX_LANGUAGE_STANDARD = "gnu++20";
				CLANG_ENABLE_MODULES = YES;
				CLANG_ENABLE_OBJC_ARC = YES;
				CLANG_ENABLE_OBJC_WEAK = YES;
				CLANG_WARN_BLOCK_CAPTURE_AUTORELEASING = YES;
				CLANG_WARN_BOOL_CONVERSION = YES;
				CLANG_WARN_COMMA = YES;
				CLANG_WARN_CONSTANT_CONVERSION = YES;
				CLANG_WARN_DEPRECATED_OBJC_IMPLEMENTATIONS = YES;
				CLANG_WARN_DIRECT_OBJC_ISA_USAGE = YES_ERROR;
				CLANG_WARN_DOCUMENTATION_COMMENTS = YES;
				CLANG_WARN_EMPTY_BODY = YES;
				CLANG_WARN_ENUM_CONVERSION = YES;
				CLANG_WARN_INFINITE_RECURSION = YES;
				CLANG_WARN_INT_CONVERSION = YES;
				CLANG_WARN_NON_LITERAL_NULL_CONVERSION = YES;
				CLANG_WARN_OBJC_IMPLICIT_RETAIN_SELF = YES;
				CLANG_WARN_OBJC_LITERAL_CONVERSION = YES;
				CLANG_WARN_OBJC_ROOT_CLASS = YES_ERROR;
				CLANG_WARN_QUOTED_INCLUDE_IN_FRAMEWORK_HEADER = YES;
				CLANG_WARN_RANGE_LOOP_ANALYSIS = YES;
				CLANG_WARN_STRICT_PROTOTYPES = YES;
				CLANG_WARN_SUSPICIOUS_MOVE = YES;
				CLANG_WARN_UNGUARDED_AVAILABILITY = YES_AGGRESSIVE;
				CLANG_WARN_UNREACHABLE_CODE = YES;
				CLANG_WARN__DUPLICATE_METHOD_MATCH = YES;
				COPY_PHASE_STRIP = NO;
				DEBUG_INFORMATION_FORMAT = "dwarf-with-dsym";
				ENABLE_NS_ASSERTIONS = NO;
				ENABLE_STRICT_OBJC_MSGSEND = YES;
				GCC_C_LANGUAGE_STANDARD = gnu11;
				GCC_NO_COMMON_BLOCKS = YES;
				GCC_WARN_64_TO_32_BIT_CONVERSION = YES;
				GCC_WARN_ABOUT_RETURN_TYPE = YES_ERROR;
				GCC_WARN_UNDECLARED_SELECTOR = YES;
				GCC_WARN_UNINITIALIZED_AUTOS = YES_AGGRESSIVE;
				GCC_WARN_UNUSED_FUNCTION = YES;
				GCC_WARN_UNUSED_VARIABLE = YES;
				IPHONEOS_DEPLOYMENT_TARGET = 16.4;
				MTL_ENABLE_DEBUG_INFO = NO;
				MTL_FAST_MATH = YES;
				SDKROOT = iphoneos;
				SWIFT_COMPILATION_MODE = wholemodule;
				SWIFT_OPTIMIZATION_LEVEL = "-O";
				VALIDATE_PRODUCT = YES;
			};
			name = Release;
		};
		66B033292A9C7D42007FB5D3 /* Debug */ = {
			isa = XCBuildConfiguration;
			buildSettings = {
				ASSETCATALOG_COMPILER_APPICON_NAME = AppIcon;
				ASSETCATALOG_COMPILER_GLOBAL_ACCENT_COLOR_NAME = AccentColor;
				CODE_SIGN_STYLE = Automatic;
				CURRENT_PROJECT_VERSION = 1;
				DEVELOPMENT_TEAM = RF42434X35;
				GENERATE_INFOPLIST_FILE = YES;
				INFOPLIST_FILE = TVMOVIEProject/Info.plist;
				INFOPLIST_KEY_UIApplicationSupportsIndirectInputEvents = YES;
				INFOPLIST_KEY_UILaunchStoryboardName = LaunchScreen;
				INFOPLIST_KEY_UIMainStoryboardFile = Main;
				INFOPLIST_KEY_UISupportedInterfaceOrientations_iPad = "UIInterfaceOrientationPortrait UIInterfaceOrientationPortraitUpsideDown UIInterfaceOrientationLandscapeLeft UIInterfaceOrientationLandscapeRight";
				INFOPLIST_KEY_UISupportedInterfaceOrientations_iPhone = "UIInterfaceOrientationPortrait UIInterfaceOrientationLandscapeLeft UIInterfaceOrientationLandscapeRight";
				LD_RUNPATH_SEARCH_PATHS = (
					"$(inherited)",
					"@executable_path/Frameworks",
				);
				MARKETING_VERSION = 1.0;
				PRODUCT_BUNDLE_IDENTIFIER = com.Taeyoung.TVMOVIEProject;
				PRODUCT_NAME = "$(TARGET_NAME)";
				SWIFT_EMIT_LOC_STRINGS = YES;
				SWIFT_VERSION = 5.0;
				TARGETED_DEVICE_FAMILY = "1,2";
			};
			name = Debug;
		};
		66B0332A2A9C7D42007FB5D3 /* Release */ = {
			isa = XCBuildConfiguration;
			buildSettings = {
				ASSETCATALOG_COMPILER_APPICON_NAME = AppIcon;
				ASSETCATALOG_COMPILER_GLOBAL_ACCENT_COLOR_NAME = AccentColor;
				CODE_SIGN_STYLE = Automatic;
				CURRENT_PROJECT_VERSION = 1;
				DEVELOPMENT_TEAM = RF42434X35;
				GENERATE_INFOPLIST_FILE = YES;
				INFOPLIST_FILE = TVMOVIEProject/Info.plist;
				INFOPLIST_KEY_UIApplicationSupportsIndirectInputEvents = YES;
				INFOPLIST_KEY_UILaunchStoryboardName = LaunchScreen;
				INFOPLIST_KEY_UIMainStoryboardFile = Main;
				INFOPLIST_KEY_UISupportedInterfaceOrientations_iPad = "UIInterfaceOrientationPortrait UIInterfaceOrientationPortraitUpsideDown UIInterfaceOrientationLandscapeLeft UIInterfaceOrientationLandscapeRight";
				INFOPLIST_KEY_UISupportedInterfaceOrientations_iPhone = "UIInterfaceOrientationPortrait UIInterfaceOrientationLandscapeLeft UIInterfaceOrientationLandscapeRight";
				LD_RUNPATH_SEARCH_PATHS = (
					"$(inherited)",
					"@executable_path/Frameworks",
				);
				MARKETING_VERSION = 1.0;
				PRODUCT_BUNDLE_IDENTIFIER = com.Taeyoung.TVMOVIEProject;
				PRODUCT_NAME = "$(TARGET_NAME)";
				SWIFT_EMIT_LOC_STRINGS = YES;
				SWIFT_VERSION = 5.0;
				TARGETED_DEVICE_FAMILY = "1,2";
			};
			name = Release;
		};
/* End XCBuildConfiguration section */

/* Begin XCConfigurationList section */
		66B0330F2A9C7D41007FB5D3 /* Build configuration list for PBXProject "TVMOVIEProject" */ = {
			isa = XCConfigurationList;
			buildConfigurations = (
				66B033262A9C7D42007FB5D3 /* Debug */,
				66B033272A9C7D42007FB5D3 /* Release */,
			);
			defaultConfigurationIsVisible = 0;
			defaultConfigurationName = Release;
		};
		66B033282A9C7D42007FB5D3 /* Build configuration list for PBXNativeTarget "TVMOVIEProject" */ = {
			isa = XCConfigurationList;
			buildConfigurations = (
				66B033292A9C7D42007FB5D3 /* Debug */,
				66B0332A2A9C7D42007FB5D3 /* Release */,
			);
			defaultConfigurationIsVisible = 0;
			defaultConfigurationName = Release;
		};
/* End XCConfigurationList section */

/* Begin XCRemoteSwiftPackageReference section */
		66B0332B2A9C7D55007FB5D3 /* XCRemoteSwiftPackageReference "Kingfisher" */ = {
			isa = XCRemoteSwiftPackageReference;
			repositoryURL = "https://github.com/onevcat/Kingfisher";
			requirement = {
				kind = upToNextMajorVersion;
				minimumVersion = 7.0.0;
			};
		};
		66B0332E2A9C7D65007FB5D3 /* XCRemoteSwiftPackageReference "SnapKit" */ = {
			isa = XCRemoteSwiftPackageReference;
			repositoryURL = "https://github.com/SnapKit/SnapKit.git";
			requirement = {
				kind = upToNextMajorVersion;
				minimumVersion = 5.0.0;
			};
		};
		66B033312A9C7D78007FB5D3 /* XCRemoteSwiftPackageReference "RxSwift" */ = {
			isa = XCRemoteSwiftPackageReference;
			repositoryURL = "https://github.com/ReactiveX/RxSwift.git";
			requirement = {
				kind = upToNextMajorVersion;
				minimumVersion = 6.0.0;
			};
		};
		66B033392A9C804C007FB5D3 /* XCRemoteSwiftPackageReference "RxAlamofire" */ = {
			isa = XCRemoteSwiftPackageReference;
			repositoryURL = "https://github.com/RxSwiftCommunity/RxAlamofire.git";
			requirement = {
				branch = main;
				kind = branch;
			};
		};
/* End XCRemoteSwiftPackageReference section */

/* Begin XCSwiftPackageProductDependency section */
		66B0332C2A9C7D55007FB5D3 /* Kingfisher */ = {
			isa = XCSwiftPackageProductDependency;
			package = 66B0332B2A9C7D55007FB5D3 /* XCRemoteSwiftPackageReference "Kingfisher" */;
			productName = Kingfisher;
		};
		66B0332F2A9C7D65007FB5D3 /* SnapKit */ = {
			isa = XCSwiftPackageProductDependency;
			package = 66B0332E2A9C7D65007FB5D3 /* XCRemoteSwiftPackageReference "SnapKit" */;
			productName = SnapKit;
		};
		66B033322A9C7D78007FB5D3 /* RxCocoa */ = {
			isa = XCSwiftPackageProductDependency;
			package = 66B033312A9C7D78007FB5D3 /* XCRemoteSwiftPackageReference "RxSwift" */;
			productName = RxCocoa;
		};
		66B033342A9C7D79007FB5D3 /* RxSwift */ = {
			isa = XCSwiftPackageProductDependency;
			package = 66B033312A9C7D78007FB5D3 /* XCRemoteSwiftPackageReference "RxSwift" */;
			productName = RxSwift;
		};
		66B0333A2A9C804C007FB5D3 /* RxAlamofire */ = {
			isa = XCSwiftPackageProductDependency;
			package = 66B033392A9C804C007FB5D3 /* XCRemoteSwiftPackageReference "RxAlamofire" */;
			productName = RxAlamofire;
		};
/* End XCSwiftPackageProductDependency section */
	};
	rootObject = 66B0330C2A9C7D41007FB5D3 /* Project object */;
}
