// !$*UTF8*$!
{
	archiveVersion = 1;
	classes = {
	};
	objectVersion = 56;
	objects = {

/* Begin PBXBuildFile section */
		661C81212A0244A800D153CC /* AppDelegate.swift in Sources */ = {isa = PBXBuildFile; fileRef = 661C81202A0244A800D153CC /* AppDelegate.swift */; };
		661C81232A0244A800D153CC /* SceneDelegate.swift in Sources */ = {isa = PBXBuildFile; fileRef = 661C81222A0244A800D153CC /* SceneDelegate.swift */; };
		661C81252A0244A800D153CC /* ViewController.swift in Sources */ = {isa = PBXBuildFile; fileRef = 661C81242A0244A800D153CC /* ViewController.swift */; };
		661C81282A0244A800D153CC /* Main.storyboard in Resources */ = {isa = PBXBuildFile; fileRef = 661C81262A0244A800D153CC /* Main.storyboard */; };
		661C812A2A0244A900D153CC /* Assets.xcassets in Resources */ = {isa = PBXBuildFile; fileRef = 661C81292A0244A900D153CC /* Assets.xcassets */; };
		661C812D2A0244A900D153CC /* LaunchScreen.storyboard in Resources */ = {isa = PBXBuildFile; fileRef = 661C812B2A0244A900D153CC /* LaunchScreen.storyboard */; };
		661C81352A03581200D153CC /* Movies.swift in Sources */ = {isa = PBXBuildFile; fileRef = 661C81342A03581200D153CC /* Movies.swift */; };
		661C81372A035AE900D153CC /* DetailsMovie.swift in Sources */ = {isa = PBXBuildFile; fileRef = 661C81362A035AE900D153CC /* DetailsMovie.swift */; };
		661C81392A035AF500D153CC /* Movie.swift in Sources */ = {isa = PBXBuildFile; fileRef = 661C81382A035AF500D153CC /* Movie.swift */; };
		661C813C2A035B1500D153CC /* MoviesPModel.swift in Sources */ = {isa = PBXBuildFile; fileRef = 661C813B2A035B1500D153CC /* MoviesPModel.swift */; };
		661C813E2A035B1C00D153CC /* MoviePModel.swift in Sources */ = {isa = PBXBuildFile; fileRef = 661C813D2A035B1C00D153CC /* MoviePModel.swift */; };
		661C81402A035B2500D153CC /* DetailsMoviePModel.swift in Sources */ = {isa = PBXBuildFile; fileRef = 661C813F2A035B2500D153CC /* DetailsMoviePModel.swift */; };
		661C81422A035CF500D153CC /* Comments.swift in Sources */ = {isa = PBXBuildFile; fileRef = 661C81412A035CF500D153CC /* Comments.swift */; };
		661C81442A035D1F00D153CC /* Comment.swift in Sources */ = {isa = PBXBuildFile; fileRef = 661C81432A035D1F00D153CC /* Comment.swift */; };
		661C81462A035D5000D153CC /* NewComment.swift in Sources */ = {isa = PBXBuildFile; fileRef = 661C81452A035D5000D153CC /* NewComment.swift */; };
		661C81482A035D7000D153CC /* CommentsPModel.swift in Sources */ = {isa = PBXBuildFile; fileRef = 661C81472A035D7000D153CC /* CommentsPModel.swift */; };
		661C814A2A035D7800D153CC /* NewCommentPModel.swift in Sources */ = {isa = PBXBuildFile; fileRef = 661C81492A035D7800D153CC /* NewCommentPModel.swift */; };
		661C814C2A035E1B00D153CC /* CommentPModel.swift in Sources */ = {isa = PBXBuildFile; fileRef = 661C814B2A035E1B00D153CC /* CommentPModel.swift */; };
		66F710952A051A5A006F0E74 /* MoviesAPIProvider.swift in Sources */ = {isa = PBXBuildFile; fileRef = 66F710942A051A5A006F0E74 /* MoviesAPIProvider.swift */; };
		66F710972A052289006F0E74 /* NetworkErrorType.swift in Sources */ = {isa = PBXBuildFile; fileRef = 66F710962A052289006F0E74 /* NetworkErrorType.swift */; };
		66F710992A0522A5006F0E74 /* Requestable.swift in Sources */ = {isa = PBXBuildFile; fileRef = 66F710982A0522A5006F0E74 /* Requestable.swift */; };
		66F7109B2A052AA8006F0E74 /* Codable+.swift in Sources */ = {isa = PBXBuildFile; fileRef = 66F7109A2A052AA8006F0E74 /* Codable+.swift */; };
		66F7109D2A052ADC006F0E74 /* Responsable.swift in Sources */ = {isa = PBXBuildFile; fileRef = 66F7109C2A052ADC006F0E74 /* Responsable.swift */; };
		66F7109F2A052B34006F0E74 /* NetworkEndpoint.swift in Sources */ = {isa = PBXBuildFile; fileRef = 66F7109E2A052B34006F0E74 /* NetworkEndpoint.swift */; };
		66F710A12A052CF6006F0E74 /* Provider.swift in Sources */ = {isa = PBXBuildFile; fileRef = 66F710A02A052CF6006F0E74 /* Provider.swift */; };
		66F710A32A052E5A006F0E74 /* URLSessionable.swift in Sources */ = {isa = PBXBuildFile; fileRef = 66F710A22A052E5A006F0E74 /* URLSessionable.swift */; };
/* End PBXBuildFile section */

/* Begin PBXFileReference section */
		661C811D2A0244A800D153CC /* BoxOffice.app */ = {isa = PBXFileReference; explicitFileType = wrapper.application; includeInIndex = 0; path = BoxOffice.app; sourceTree = BUILT_PRODUCTS_DIR; };
		661C81202A0244A800D153CC /* AppDelegate.swift */ = {isa = PBXFileReference; lastKnownFileType = sourcecode.swift; path = AppDelegate.swift; sourceTree = "<group>"; };
		661C81222A0244A800D153CC /* SceneDelegate.swift */ = {isa = PBXFileReference; lastKnownFileType = sourcecode.swift; path = SceneDelegate.swift; sourceTree = "<group>"; };
		661C81242A0244A800D153CC /* ViewController.swift */ = {isa = PBXFileReference; lastKnownFileType = sourcecode.swift; path = ViewController.swift; sourceTree = "<group>"; };
		661C81272A0244A800D153CC /* Base */ = {isa = PBXFileReference; lastKnownFileType = file.storyboard; name = Base; path = Base.lproj/Main.storyboard; sourceTree = "<group>"; };
		661C81292A0244A900D153CC /* Assets.xcassets */ = {isa = PBXFileReference; lastKnownFileType = folder.assetcatalog; path = Assets.xcassets; sourceTree = "<group>"; };
		661C812C2A0244A900D153CC /* Base */ = {isa = PBXFileReference; lastKnownFileType = file.storyboard; name = Base; path = Base.lproj/LaunchScreen.storyboard; sourceTree = "<group>"; };
		661C812E2A0244A900D153CC /* Info.plist */ = {isa = PBXFileReference; lastKnownFileType = text.plist.xml; path = Info.plist; sourceTree = "<group>"; };
		661C81342A03581200D153CC /* Movies.swift */ = {isa = PBXFileReference; lastKnownFileType = sourcecode.swift; path = Movies.swift; sourceTree = "<group>"; };
		661C81362A035AE900D153CC /* DetailsMovie.swift */ = {isa = PBXFileReference; lastKnownFileType = sourcecode.swift; path = DetailsMovie.swift; sourceTree = "<group>"; };
		661C81382A035AF500D153CC /* Movie.swift */ = {isa = PBXFileReference; lastKnownFileType = sourcecode.swift; path = Movie.swift; sourceTree = "<group>"; };
		661C813B2A035B1500D153CC /* MoviesPModel.swift */ = {isa = PBXFileReference; lastKnownFileType = sourcecode.swift; path = MoviesPModel.swift; sourceTree = "<group>"; };
		661C813D2A035B1C00D153CC /* MoviePModel.swift */ = {isa = PBXFileReference; lastKnownFileType = sourcecode.swift; path = MoviePModel.swift; sourceTree = "<group>"; };
		661C813F2A035B2500D153CC /* DetailsMoviePModel.swift */ = {isa = PBXFileReference; lastKnownFileType = sourcecode.swift; path = DetailsMoviePModel.swift; sourceTree = "<group>"; };
		661C81412A035CF500D153CC /* Comments.swift */ = {isa = PBXFileReference; lastKnownFileType = sourcecode.swift; path = Comments.swift; sourceTree = "<group>"; };
		661C81432A035D1F00D153CC /* Comment.swift */ = {isa = PBXFileReference; lastKnownFileType = sourcecode.swift; path = Comment.swift; sourceTree = "<group>"; };
		661C81452A035D5000D153CC /* NewComment.swift */ = {isa = PBXFileReference; lastKnownFileType = sourcecode.swift; path = NewComment.swift; sourceTree = "<group>"; };
		661C81472A035D7000D153CC /* CommentsPModel.swift */ = {isa = PBXFileReference; lastKnownFileType = sourcecode.swift; path = CommentsPModel.swift; sourceTree = "<group>"; };
		661C81492A035D7800D153CC /* NewCommentPModel.swift */ = {isa = PBXFileReference; lastKnownFileType = sourcecode.swift; path = NewCommentPModel.swift; sourceTree = "<group>"; };
		661C814B2A035E1B00D153CC /* CommentPModel.swift */ = {isa = PBXFileReference; lastKnownFileType = sourcecode.swift; path = CommentPModel.swift; sourceTree = "<group>"; };
		66F710942A051A5A006F0E74 /* MoviesAPIProvider.swift */ = {isa = PBXFileReference; lastKnownFileType = sourcecode.swift; path = MoviesAPIProvider.swift; sourceTree = "<group>"; };
		66F710962A052289006F0E74 /* NetworkErrorType.swift */ = {isa = PBXFileReference; lastKnownFileType = sourcecode.swift; path = NetworkErrorType.swift; sourceTree = "<group>"; };
		66F710982A0522A5006F0E74 /* Requestable.swift */ = {isa = PBXFileReference; lastKnownFileType = sourcecode.swift; path = Requestable.swift; sourceTree = "<group>"; };
		66F7109A2A052AA8006F0E74 /* Codable+.swift */ = {isa = PBXFileReference; lastKnownFileType = sourcecode.swift; path = "Codable+.swift"; sourceTree = "<group>"; };
		66F7109C2A052ADC006F0E74 /* Responsable.swift */ = {isa = PBXFileReference; lastKnownFileType = sourcecode.swift; path = Responsable.swift; sourceTree = "<group>"; };
		66F7109E2A052B34006F0E74 /* NetworkEndpoint.swift */ = {isa = PBXFileReference; lastKnownFileType = sourcecode.swift; path = NetworkEndpoint.swift; sourceTree = "<group>"; };
		66F710A02A052CF6006F0E74 /* Provider.swift */ = {isa = PBXFileReference; lastKnownFileType = sourcecode.swift; path = Provider.swift; sourceTree = "<group>"; };
		66F710A22A052E5A006F0E74 /* URLSessionable.swift */ = {isa = PBXFileReference; lastKnownFileType = sourcecode.swift; path = URLSessionable.swift; sourceTree = "<group>"; };
/* End PBXFileReference section */

/* Begin PBXFrameworksBuildPhase section */
		661C811A2A0244A800D153CC /* Frameworks */ = {
			isa = PBXFrameworksBuildPhase;
			buildActionMask = 2147483647;
			files = (
			);
			runOnlyForDeploymentPostprocessing = 0;
		};
/* End PBXFrameworksBuildPhase section */

/* Begin PBXGroup section */
		661C81142A0244A800D153CC = {
			isa = PBXGroup;
			children = (
				66F710942A051A5A006F0E74 /* MoviesAPIProvider.swift */,
				66F710A22A052E5A006F0E74 /* URLSessionable.swift */,
				66F710982A0522A5006F0E74 /* Requestable.swift */,
				66F710A02A052CF6006F0E74 /* Provider.swift */,
				66F7109A2A052AA8006F0E74 /* Codable+.swift */,
				66F7109C2A052ADC006F0E74 /* Responsable.swift */,
				66F7109E2A052B34006F0E74 /* NetworkEndpoint.swift */,
				66F710962A052289006F0E74 /* NetworkErrorType.swift */,
				661C811F2A0244A800D153CC /* BoxOffice */,
				661C811E2A0244A800D153CC /* Products */,
			);
			sourceTree = "<group>";
		};
		661C811E2A0244A800D153CC /* Products */ = {
			isa = PBXGroup;
			children = (
				661C811D2A0244A800D153CC /* BoxOffice.app */,
			);
			name = Products;
			sourceTree = "<group>";
		};
		661C811F2A0244A800D153CC /* BoxOffice */ = {
			isa = PBXGroup;
			children = (
				661C81202A0244A800D153CC /* AppDelegate.swift */,
				661C81222A0244A800D153CC /* SceneDelegate.swift */,
				661C81242A0244A800D153CC /* ViewController.swift */,
				661C81262A0244A800D153CC /* Main.storyboard */,
				661C81292A0244A900D153CC /* Assets.xcassets */,
				661C812B2A0244A900D153CC /* LaunchScreen.storyboard */,
				661C812E2A0244A900D153CC /* Info.plist */,
				661C813A2A035B0400D153CC /* Model */,
			);
			path = BoxOffice;
			sourceTree = "<group>";
		};
		661C813A2A035B0400D153CC /* Model */ = {
			isa = PBXGroup;
			children = (
				661C81342A03581200D153CC /* Movies.swift */,
				661C81412A035CF500D153CC /* Comments.swift */,
				661C81472A035D7000D153CC /* CommentsPModel.swift */,
				661C81452A035D5000D153CC /* NewComment.swift */,
				661C81492A035D7800D153CC /* NewCommentPModel.swift */,
				661C81432A035D1F00D153CC /* Comment.swift */,
				661C814B2A035E1B00D153CC /* CommentPModel.swift */,
				661C81382A035AF500D153CC /* Movie.swift */,
				661C81362A035AE900D153CC /* DetailsMovie.swift */,
				661C813B2A035B1500D153CC /* MoviesPModel.swift */,
				661C813D2A035B1C00D153CC /* MoviePModel.swift */,
				661C813F2A035B2500D153CC /* DetailsMoviePModel.swift */,
			);
			path = Model;
			sourceTree = "<group>";
		};
/* End PBXGroup section */

/* Begin PBXNativeTarget section */
		661C811C2A0244A800D153CC /* BoxOffice */ = {
			isa = PBXNativeTarget;
			buildConfigurationList = 661C81312A0244A900D153CC /* Build configuration list for PBXNativeTarget "BoxOffice" */;
			buildPhases = (
				661C81192A0244A800D153CC /* Sources */,
				661C811A2A0244A800D153CC /* Frameworks */,
				661C811B2A0244A800D153CC /* Resources */,
			);
			buildRules = (
			);
			dependencies = (
			);
			name = BoxOffice;
			productName = BoxOffice;
			productReference = 661C811D2A0244A800D153CC /* BoxOffice.app */;
			productType = "com.apple.product-type.application";
		};
/* End PBXNativeTarget section */

/* Begin PBXProject section */
		661C81152A0244A800D153CC /* Project object */ = {
			isa = PBXProject;
			attributes = {
				BuildIndependentTargetsInParallel = 1;
				LastSwiftUpdateCheck = 1430;
				LastUpgradeCheck = 1430;
				TargetAttributes = {
					661C811C2A0244A800D153CC = {
						CreatedOnToolsVersion = 14.3;
					};
				};
			};
			buildConfigurationList = 661C81182A0244A800D153CC /* Build configuration list for PBXProject "BoxOffice" */;
			compatibilityVersion = "Xcode 14.0";
			developmentRegion = en;
			hasScannedForEncodings = 0;
			knownRegions = (
				en,
				Base,
			);
			mainGroup = 661C81142A0244A800D153CC;
			productRefGroup = 661C811E2A0244A800D153CC /* Products */;
			projectDirPath = "";
			projectRoot = "";
			targets = (
				661C811C2A0244A800D153CC /* BoxOffice */,
			);
		};
/* End PBXProject section */

/* Begin PBXResourcesBuildPhase section */
		661C811B2A0244A800D153CC /* Resources */ = {
			isa = PBXResourcesBuildPhase;
			buildActionMask = 2147483647;
			files = (
				661C812D2A0244A900D153CC /* LaunchScreen.storyboard in Resources */,
				661C812A2A0244A900D153CC /* Assets.xcassets in Resources */,
				661C81282A0244A800D153CC /* Main.storyboard in Resources */,
			);
			runOnlyForDeploymentPostprocessing = 0;
		};
/* End PBXResourcesBuildPhase section */

/* Begin PBXSourcesBuildPhase section */
		661C81192A0244A800D153CC /* Sources */ = {
			isa = PBXSourcesBuildPhase;
			buildActionMask = 2147483647;
			files = (
				661C81462A035D5000D153CC /* NewComment.swift in Sources */,
				66F7109B2A052AA8006F0E74 /* Codable+.swift in Sources */,
				661C81252A0244A800D153CC /* ViewController.swift in Sources */,
				661C81422A035CF500D153CC /* Comments.swift in Sources */,
				661C81402A035B2500D153CC /* DetailsMoviePModel.swift in Sources */,
				661C81372A035AE900D153CC /* DetailsMovie.swift in Sources */,
				661C814A2A035D7800D153CC /* NewCommentPModel.swift in Sources */,
				661C81392A035AF500D153CC /* Movie.swift in Sources */,
				661C81212A0244A800D153CC /* AppDelegate.swift in Sources */,
				661C813C2A035B1500D153CC /* MoviesPModel.swift in Sources */,
				66F710992A0522A5006F0E74 /* Requestable.swift in Sources */,
				661C813E2A035B1C00D153CC /* MoviePModel.swift in Sources */,
				66F710952A051A5A006F0E74 /* MoviesAPIProvider.swift in Sources */,
				66F710972A052289006F0E74 /* NetworkErrorType.swift in Sources */,
				661C81352A03581200D153CC /* Movies.swift in Sources */,
				66F710A32A052E5A006F0E74 /* URLSessionable.swift in Sources */,
				661C814C2A035E1B00D153CC /* CommentPModel.swift in Sources */,
				661C81482A035D7000D153CC /* CommentsPModel.swift in Sources */,
				66F7109F2A052B34006F0E74 /* NetworkEndpoint.swift in Sources */,
				66F710A12A052CF6006F0E74 /* Provider.swift in Sources */,
				661C81442A035D1F00D153CC /* Comment.swift in Sources */,
				66F7109D2A052ADC006F0E74 /* Responsable.swift in Sources */,
				661C81232A0244A800D153CC /* SceneDelegate.swift in Sources */,
			);
			runOnlyForDeploymentPostprocessing = 0;
		};
/* End PBXSourcesBuildPhase section */

/* Begin PBXVariantGroup section */
		661C81262A0244A800D153CC /* Main.storyboard */ = {
			isa = PBXVariantGroup;
			children = (
				661C81272A0244A800D153CC /* Base */,
			);
			name = Main.storyboard;
			sourceTree = "<group>";
		};
		661C812B2A0244A900D153CC /* LaunchScreen.storyboard */ = {
			isa = PBXVariantGroup;
			children = (
				661C812C2A0244A900D153CC /* Base */,
			);
			name = LaunchScreen.storyboard;
			sourceTree = "<group>";
		};
/* End PBXVariantGroup section */

/* Begin XCBuildConfiguration section */
		661C812F2A0244A900D153CC /* Debug */ = {
			isa = XCBuildConfiguration;
			buildSettings = {
				ALWAYS_SEARCH_USER_PATHS = NO;
				CLANG_ANALYZER_NONNULL = YES;
				CLANG_ANALYZER_NUMBER_OBJECT_CONVERSION = YES_AGGRESSIVE;
				CLANG_CXX_LANGUAGE_STANDARD = "gnu++20";
				CLANG_ENABLE_MODULES = YES;
				CLANG_ENABLE_OBJC_ARC = YES;
				CLANG_ENABLE_OBJC_WEAK = YES;
				CLANG_WARN_BLOCK_CAPTURE_AUTORELEASING = YES;
				CLANG_WARN_BOOL_CONVERSION = YES;
				CLANG_WARN_COMMA = YES;
				CLANG_WARN_CONSTANT_CONVERSION = YES;
				CLANG_WARN_DEPRECATED_OBJC_IMPLEMENTATIONS = YES;
				CLANG_WARN_DIRECT_OBJC_ISA_USAGE = YES_ERROR;
				CLANG_WARN_DOCUMENTATION_COMMENTS = YES;
				CLANG_WARN_EMPTY_BODY = YES;
				CLANG_WARN_ENUM_CONVERSION = YES;
				CLANG_WARN_INFINITE_RECURSION = YES;
				CLANG_WARN_INT_CONVERSION = YES;
				CLANG_WARN_NON_LITERAL_NULL_CONVERSION = YES;
				CLANG_WARN_OBJC_IMPLICIT_RETAIN_SELF = YES;
				CLANG_WARN_OBJC_LITERAL_CONVERSION = YES;
				CLANG_WARN_OBJC_ROOT_CLASS = YES_ERROR;
				CLANG_WARN_QUOTED_INCLUDE_IN_FRAMEWORK_HEADER = YES;
				CLANG_WARN_RANGE_LOOP_ANALYSIS = YES;
				CLANG_WARN_STRICT_PROTOTYPES = YES;
				CLANG_WARN_SUSPICIOUS_MOVE = YES;
				CLANG_WARN_UNGUARDED_AVAILABILITY = YES_AGGRESSIVE;
				CLANG_WARN_UNREACHABLE_CODE = YES;
				CLANG_WARN__DUPLICATE_METHOD_MATCH = YES;
				COPY_PHASE_STRIP = NO;
				DEBUG_INFORMATION_FORMAT = dwarf;
				ENABLE_STRICT_OBJC_MSGSEND = YES;
				ENABLE_TESTABILITY = YES;
				GCC_C_LANGUAGE_STANDARD = gnu11;
				GCC_DYNAMIC_NO_PIC = NO;
				GCC_NO_COMMON_BLOCKS = YES;
				GCC_OPTIMIZATION_LEVEL = 0;
				GCC_PREPROCESSOR_DEFINITIONS = (
					"DEBUG=1",
					"$(inherited)",
				);
				GCC_WARN_64_TO_32_BIT_CONVERSION = YES;
				GCC_WARN_ABOUT_RETURN_TYPE = YES_ERROR;
				GCC_WARN_UNDECLARED_SELECTOR = YES;
				GCC_WARN_UNINITIALIZED_AUTOS = YES_AGGRESSIVE;
				GCC_WARN_UNUSED_FUNCTION = YES;
				GCC_WARN_UNUSED_VARIABLE = YES;
				IPHONEOS_DEPLOYMENT_TARGET = 16.4;
				MTL_ENABLE_DEBUG_INFO = INCLUDE_SOURCE;
				MTL_FAST_MATH = YES;
				ONLY_ACTIVE_ARCH = YES;
				SDKROOT = iphoneos;
				SWIFT_ACTIVE_COMPILATION_CONDITIONS = DEBUG;
				SWIFT_OPTIMIZATION_LEVEL = "-Onone";
			};
			name = Debug;
		};
		661C81302A0244A900D153CC /* Release */ = {
			isa = XCBuildConfiguration;
			buildSettings = {
				ALWAYS_SEARCH_USER_PATHS = NO;
				CLANG_ANALYZER_NONNULL = YES;
				CLANG_ANALYZER_NUMBER_OBJECT_CONVERSION = YES_AGGRESSIVE;
				CLANG_CXX_LANGUAGE_STANDARD = "gnu++20";
				CLANG_ENABLE_MODULES = YES;
				CLANG_ENABLE_OBJC_ARC = YES;
				CLANG_ENABLE_OBJC_WEAK = YES;
				CLANG_WARN_BLOCK_CAPTURE_AUTORELEASING = YES;
				CLANG_WARN_BOOL_CONVERSION = YES;
				CLANG_WARN_COMMA = YES;
				CLANG_WARN_CONSTANT_CONVERSION = YES;
				CLANG_WARN_DEPRECATED_OBJC_IMPLEMENTATIONS = YES;
				CLANG_WARN_DIRECT_OBJC_ISA_USAGE = YES_ERROR;
				CLANG_WARN_DOCUMENTATION_COMMENTS = YES;
				CLANG_WARN_EMPTY_BODY = YES;
				CLANG_WARN_ENUM_CONVERSION = YES;
				CLANG_WARN_INFINITE_RECURSION = YES;
				CLANG_WARN_INT_CONVERSION = YES;
				CLANG_WARN_NON_LITERAL_NULL_CONVERSION = YES;
				CLANG_WARN_OBJC_IMPLICIT_RETAIN_SELF = YES;
				CLANG_WARN_OBJC_LITERAL_CONVERSION = YES;
				CLANG_WARN_OBJC_ROOT_CLASS = YES_ERROR;
				CLANG_WARN_QUOTED_INCLUDE_IN_FRAMEWORK_HEADER = YES;
				CLANG_WARN_RANGE_LOOP_ANALYSIS = YES;
				CLANG_WARN_STRICT_PROTOTYPES = YES;
				CLANG_WARN_SUSPICIOUS_MOVE = YES;
				CLANG_WARN_UNGUARDED_AVAILABILITY = YES_AGGRESSIVE;
				CLANG_WARN_UNREACHABLE_CODE = YES;
				CLANG_WARN__DUPLICATE_METHOD_MATCH = YES;
				COPY_PHASE_STRIP = NO;
				DEBUG_INFORMATION_FORMAT = "dwarf-with-dsym";
				ENABLE_NS_ASSERTIONS = NO;
				ENABLE_STRICT_OBJC_MSGSEND = YES;
				GCC_C_LANGUAGE_STANDARD = gnu11;
				GCC_NO_COMMON_BLOCKS = YES;
				GCC_WARN_64_TO_32_BIT_CONVERSION = YES;
				GCC_WARN_ABOUT_RETURN_TYPE = YES_ERROR;
				GCC_WARN_UNDECLARED_SELECTOR = YES;
				GCC_WARN_UNINITIALIZED_AUTOS = YES_AGGRESSIVE;
				GCC_WARN_UNUSED_FUNCTION = YES;
				GCC_WARN_UNUSED_VARIABLE = YES;
				IPHONEOS_DEPLOYMENT_TARGET = 16.4;
				MTL_ENABLE_DEBUG_INFO = NO;
				MTL_FAST_MATH = YES;
				SDKROOT = iphoneos;
				SWIFT_COMPILATION_MODE = wholemodule;
				SWIFT_OPTIMIZATION_LEVEL = "-O";
				VALIDATE_PRODUCT = YES;
			};
			name = Release;
		};
		661C81322A0244A900D153CC /* Debug */ = {
			isa = XCBuildConfiguration;
			buildSettings = {
				ASSETCATALOG_COMPILER_APPICON_NAME = AppIcon;
				ASSETCATALOG_COMPILER_GLOBAL_ACCENT_COLOR_NAME = AccentColor;
				CODE_SIGN_STYLE = Automatic;
				CURRENT_PROJECT_VERSION = 1;
				DEVELOPMENT_TEAM = RF42434X35;
				GENERATE_INFOPLIST_FILE = YES;
				INFOPLIST_FILE = BoxOffice/Info.plist;
				INFOPLIST_KEY_UIApplicationSupportsIndirectInputEvents = YES;
				INFOPLIST_KEY_UILaunchStoryboardName = LaunchScreen;
				INFOPLIST_KEY_UIMainStoryboardFile = Main;
				INFOPLIST_KEY_UISupportedInterfaceOrientations_iPad = "UIInterfaceOrientationPortrait UIInterfaceOrientationPortraitUpsideDown UIInterfaceOrientationLandscapeLeft UIInterfaceOrientationLandscapeRight";
				INFOPLIST_KEY_UISupportedInterfaceOrientations_iPhone = "UIInterfaceOrientationPortrait UIInterfaceOrientationLandscapeLeft UIInterfaceOrientationLandscapeRight";
				LD_RUNPATH_SEARCH_PATHS = (
					"$(inherited)",
					"@executable_path/Frameworks",
				);
				MARKETING_VERSION = 1.0;
				PRODUCT_BUNDLE_IDENTIFIER = com.Taeyoung.BoxOffice;
				PRODUCT_NAME = "$(TARGET_NAME)";
				SWIFT_EMIT_LOC_STRINGS = YES;
				SWIFT_VERSION = 5.0;
				TARGETED_DEVICE_FAMILY = "1,2";
			};
			name = Debug;
		};
		661C81332A0244A900D153CC /* Release */ = {
			isa = XCBuildConfiguration;
			buildSettings = {
				ASSETCATALOG_COMPILER_APPICON_NAME = AppIcon;
				ASSETCATALOG_COMPILER_GLOBAL_ACCENT_COLOR_NAME = AccentColor;
				CODE_SIGN_STYLE = Automatic;
				CURRENT_PROJECT_VERSION = 1;
				DEVELOPMENT_TEAM = RF42434X35;
				GENERATE_INFOPLIST_FILE = YES;
				INFOPLIST_FILE = BoxOffice/Info.plist;
				INFOPLIST_KEY_UIApplicationSupportsIndirectInputEvents = YES;
				INFOPLIST_KEY_UILaunchStoryboardName = LaunchScreen;
				INFOPLIST_KEY_UIMainStoryboardFile = Main;
				INFOPLIST_KEY_UISupportedInterfaceOrientations_iPad = "UIInterfaceOrientationPortrait UIInterfaceOrientationPortraitUpsideDown UIInterfaceOrientationLandscapeLeft UIInterfaceOrientationLandscapeRight";
				INFOPLIST_KEY_UISupportedInterfaceOrientations_iPhone = "UIInterfaceOrientationPortrait UIInterfaceOrientationLandscapeLeft UIInterfaceOrientationLandscapeRight";
				LD_RUNPATH_SEARCH_PATHS = (
					"$(inherited)",
					"@executable_path/Frameworks",
				);
				MARKETING_VERSION = 1.0;
				PRODUCT_BUNDLE_IDENTIFIER = com.Taeyoung.BoxOffice;
				PRODUCT_NAME = "$(TARGET_NAME)";
				SWIFT_EMIT_LOC_STRINGS = YES;
				SWIFT_VERSION = 5.0;
				TARGETED_DEVICE_FAMILY = "1,2";
			};
			name = Release;
		};
/* End XCBuildConfiguration section */

/* Begin XCConfigurationList section */
		661C81182A0244A800D153CC /* Build configuration list for PBXProject "BoxOffice" */ = {
			isa = XCConfigurationList;
			buildConfigurations = (
				661C812F2A0244A900D153CC /* Debug */,
				661C81302A0244A900D153CC /* Release */,
			);
			defaultConfigurationIsVisible = 0;
			defaultConfigurationName = Release;
		};
		661C81312A0244A900D153CC /* Build configuration list for PBXNativeTarget "BoxOffice" */ = {
			isa = XCConfigurationList;
			buildConfigurations = (
				661C81322A0244A900D153CC /* Debug */,
				661C81332A0244A900D153CC /* Release */,
			);
			defaultConfigurationIsVisible = 0;
			defaultConfigurationName = Release;
		};
/* End XCConfigurationList section */
	};
	rootObject = 661C81152A0244A800D153CC /* Project object */;
}
