// !$*UTF8*$!
{
	archiveVersion = 1;
	classes = {
	};
	objectVersion = 56;
	objects = {

/* Begin PBXBuildFile section */
		66012DBF29F908AA005F8FA8 /* DetailViewController.swift in Sources */ = {isa = PBXBuildFile; fileRef = 66012DBE29F908AA005F8FA8 /* DetailViewController.swift */; };
		66FA55E829F7A25E00A4230E /* AppDelegate.swift in Sources */ = {isa = PBXBuildFile; fileRef = 66FA55E729F7A25E00A4230E /* AppDelegate.swift */; };
		66FA55EA29F7A25E00A4230E /* SceneDelegate.swift in Sources */ = {isa = PBXBuildFile; fileRef = 66FA55E929F7A25E00A4230E /* SceneDelegate.swift */; };
		66FA55EC29F7A25E00A4230E /* ViewController.swift in Sources */ = {isa = PBXBuildFile; fileRef = 66FA55EB29F7A25E00A4230E /* ViewController.swift */; };
		66FA55EF29F7A25E00A4230E /* Main.storyboard in Resources */ = {isa = PBXBuildFile; fileRef = 66FA55ED29F7A25E00A4230E /* Main.storyboard */; };
		66FA55F129F7A25F00A4230E /* Assets.xcassets in Resources */ = {isa = PBXBuildFile; fileRef = 66FA55F029F7A25F00A4230E /* Assets.xcassets */; };
		66FA55F429F7A25F00A4230E /* LaunchScreen.storyboard in Resources */ = {isa = PBXBuildFile; fileRef = 66FA55F229F7A25F00A4230E /* LaunchScreen.storyboard */; };
		66FA55FC29F7A42700A4230E /* Country.swift in Sources */ = {isa = PBXBuildFile; fileRef = 66FA55FB29F7A42700A4230E /* Country.swift */; };
		66FA55FE29F7A45900A4230E /* ContryPModel.swift in Sources */ = {isa = PBXBuildFile; fileRef = 66FA55FD29F7A45900A4230E /* ContryPModel.swift */; };
		66FA560129F7A66B00A4230E /* CountryTableViewCell.swift in Sources */ = {isa = PBXBuildFile; fileRef = 66FA560029F7A66B00A4230E /* CountryTableViewCell.swift */; };
		66FA560329F7ADB700A4230E /* CityViewController.swift in Sources */ = {isa = PBXBuildFile; fileRef = 66FA560229F7ADB700A4230E /* CityViewController.swift */; };
		66FA560529F7AF6000A4230E /* City.swift in Sources */ = {isa = PBXBuildFile; fileRef = 66FA560429F7AF6000A4230E /* City.swift */; };
		66FA560729F7AFB500A4230E /* CityPModel.swift in Sources */ = {isa = PBXBuildFile; fileRef = 66FA560629F7AFB500A4230E /* CityPModel.swift */; };
		66FA560929F7B06B00A4230E /* CityTableViewCell.swift in Sources */ = {isa = PBXBuildFile; fileRef = 66FA560829F7B06B00A4230E /* CityTableViewCell.swift */; };
/* End PBXBuildFile section */

/* Begin PBXFileReference section */
		66012DBE29F908AA005F8FA8 /* DetailViewController.swift */ = {isa = PBXFileReference; lastKnownFileType = sourcecode.swift; path = DetailViewController.swift; sourceTree = "<group>"; };
		66FA55E429F7A25E00A4230E /* WeatherList.app */ = {isa = PBXFileReference; explicitFileType = wrapper.application; includeInIndex = 0; path = WeatherList.app; sourceTree = BUILT_PRODUCTS_DIR; };
		66FA55E729F7A25E00A4230E /* AppDelegate.swift */ = {isa = PBXFileReference; lastKnownFileType = sourcecode.swift; path = AppDelegate.swift; sourceTree = "<group>"; };
		66FA55E929F7A25E00A4230E /* SceneDelegate.swift */ = {isa = PBXFileReference; lastKnownFileType = sourcecode.swift; path = SceneDelegate.swift; sourceTree = "<group>"; };
		66FA55EB29F7A25E00A4230E /* ViewController.swift */ = {isa = PBXFileReference; lastKnownFileType = sourcecode.swift; path = ViewController.swift; sourceTree = "<group>"; };
		66FA55EE29F7A25E00A4230E /* Base */ = {isa = PBXFileReference; lastKnownFileType = file.storyboard; name = Base; path = Base.lproj/Main.storyboard; sourceTree = "<group>"; };
		66FA55F029F7A25F00A4230E /* Assets.xcassets */ = {isa = PBXFileReference; lastKnownFileType = folder.assetcatalog; path = Assets.xcassets; sourceTree = "<group>"; };
		66FA55F329F7A25F00A4230E /* Base */ = {isa = PBXFileReference; lastKnownFileType = file.storyboard; name = Base; path = Base.lproj/LaunchScreen.storyboard; sourceTree = "<group>"; };
		66FA55F529F7A25F00A4230E /* Info.plist */ = {isa = PBXFileReference; lastKnownFileType = text.plist.xml; path = Info.plist; sourceTree = "<group>"; };
		66FA55FB29F7A42700A4230E /* Country.swift */ = {isa = PBXFileReference; lastKnownFileType = sourcecode.swift; path = Country.swift; sourceTree = "<group>"; };
		66FA55FD29F7A45900A4230E /* ContryPModel.swift */ = {isa = PBXFileReference; lastKnownFileType = sourcecode.swift; path = ContryPModel.swift; sourceTree = "<group>"; };
		66FA560029F7A66B00A4230E /* CountryTableViewCell.swift */ = {isa = PBXFileReference; lastKnownFileType = sourcecode.swift; path = CountryTableViewCell.swift; sourceTree = "<group>"; };
		66FA560229F7ADB700A4230E /* CityViewController.swift */ = {isa = PBXFileReference; lastKnownFileType = sourcecode.swift; path = CityViewController.swift; sourceTree = "<group>"; };
		66FA560429F7AF6000A4230E /* City.swift */ = {isa = PBXFileReference; lastKnownFileType = sourcecode.swift; path = City.swift; sourceTree = "<group>"; };
		66FA560629F7AFB500A4230E /* CityPModel.swift */ = {isa = PBXFileReference; lastKnownFileType = sourcecode.swift; path = CityPModel.swift; sourceTree = "<group>"; };
		66FA560829F7B06B00A4230E /* CityTableViewCell.swift */ = {isa = PBXFileReference; lastKnownFileType = sourcecode.swift; path = CityTableViewCell.swift; sourceTree = "<group>"; };
/* End PBXFileReference section */

/* Begin PBXFrameworksBuildPhase section */
		66FA55E129F7A25E00A4230E /* Frameworks */ = {
			isa = PBXFrameworksBuildPhase;
			buildActionMask = 2147483647;
			files = (
			);
			runOnlyForDeploymentPostprocessing = 0;
		};
/* End PBXFrameworksBuildPhase section */

/* Begin PBXGroup section */
		66FA55DB29F7A25E00A4230E = {
			isa = PBXGroup;
			children = (
				66FA55E629F7A25E00A4230E /* WeatherList */,
				66FA55E529F7A25E00A4230E /* Products */,
			);
			sourceTree = "<group>";
		};
		66FA55E529F7A25E00A4230E /* Products */ = {
			isa = PBXGroup;
			children = (
				66FA55E429F7A25E00A4230E /* WeatherList.app */,
			);
			name = Products;
			sourceTree = "<group>";
		};
		66FA55E629F7A25E00A4230E /* WeatherList */ = {
			isa = PBXGroup;
			children = (
				66FA55E729F7A25E00A4230E /* AppDelegate.swift */,
				66FA55E929F7A25E00A4230E /* SceneDelegate.swift */,
				66FA55EB29F7A25E00A4230E /* ViewController.swift */,
				66FA560229F7ADB700A4230E /* CityViewController.swift */,
				66012DBE29F908AA005F8FA8 /* DetailViewController.swift */,
				66FA560029F7A66B00A4230E /* CountryTableViewCell.swift */,
				66FA560829F7B06B00A4230E /* CityTableViewCell.swift */,
				66FA55FF29F7A45F00A4230E /* Model */,
				66FA55ED29F7A25E00A4230E /* Main.storyboard */,
				66FA55F029F7A25F00A4230E /* Assets.xcassets */,
				66FA55F229F7A25F00A4230E /* LaunchScreen.storyboard */,
				66FA55F529F7A25F00A4230E /* Info.plist */,
			);
			path = WeatherList;
			sourceTree = "<group>";
		};
		66FA55FF29F7A45F00A4230E /* Model */ = {
			isa = PBXGroup;
			children = (
				66FA55FB29F7A42700A4230E /* Country.swift */,
				66FA55FD29F7A45900A4230E /* ContryPModel.swift */,
				66FA560429F7AF6000A4230E /* City.swift */,
				66FA560629F7AFB500A4230E /* CityPModel.swift */,
			);
			path = Model;
			sourceTree = "<group>";
		};
/* End PBXGroup section */

/* Begin PBXNativeTarget section */
		66FA55E329F7A25E00A4230E /* WeatherList */ = {
			isa = PBXNativeTarget;
			buildConfigurationList = 66FA55F829F7A25F00A4230E /* Build configuration list for PBXNativeTarget "WeatherList" */;
			buildPhases = (
				66FA55E029F7A25E00A4230E /* Sources */,
				66FA55E129F7A25E00A4230E /* Frameworks */,
				66FA55E229F7A25E00A4230E /* Resources */,
			);
			buildRules = (
			);
			dependencies = (
			);
			name = WeatherList;
			productName = WeatherList;
			productReference = 66FA55E429F7A25E00A4230E /* WeatherList.app */;
			productType = "com.apple.product-type.application";
		};
/* End PBXNativeTarget section */

/* Begin PBXProject section */
		66FA55DC29F7A25E00A4230E /* Project object */ = {
			isa = PBXProject;
			attributes = {
				BuildIndependentTargetsInParallel = 1;
				LastSwiftUpdateCheck = 1430;
				LastUpgradeCheck = 1430;
				TargetAttributes = {
					66FA55E329F7A25E00A4230E = {
						CreatedOnToolsVersion = 14.3;
					};
				};
			};
			buildConfigurationList = 66FA55DF29F7A25E00A4230E /* Build configuration list for PBXProject "WeatherList" */;
			compatibilityVersion = "Xcode 14.0";
			developmentRegion = en;
			hasScannedForEncodings = 0;
			knownRegions = (
				en,
				Base,
			);
			mainGroup = 66FA55DB29F7A25E00A4230E;
			productRefGroup = 66FA55E529F7A25E00A4230E /* Products */;
			projectDirPath = "";
			projectRoot = "";
			targets = (
				66FA55E329F7A25E00A4230E /* WeatherList */,
			);
		};
/* End PBXProject section */

/* Begin PBXResourcesBuildPhase section */
		66FA55E229F7A25E00A4230E /* Resources */ = {
			isa = PBXResourcesBuildPhase;
			buildActionMask = 2147483647;
			files = (
				66FA55F429F7A25F00A4230E /* LaunchScreen.storyboard in Resources */,
				66FA55F129F7A25F00A4230E /* Assets.xcassets in Resources */,
				66FA55EF29F7A25E00A4230E /* Main.storyboard in Resources */,
			);
			runOnlyForDeploymentPostprocessing = 0;
		};
/* End PBXResourcesBuildPhase section */

/* Begin PBXSourcesBuildPhase section */
		66FA55E029F7A25E00A4230E /* Sources */ = {
			isa = PBXSourcesBuildPhase;
			buildActionMask = 2147483647;
			files = (
				66012DBF29F908AA005F8FA8 /* DetailViewController.swift in Sources */,
				66FA560729F7AFB500A4230E /* CityPModel.swift in Sources */,
				66FA560129F7A66B00A4230E /* CountryTableViewCell.swift in Sources */,
				66FA560929F7B06B00A4230E /* CityTableViewCell.swift in Sources */,
				66FA55FE29F7A45900A4230E /* ContryPModel.swift in Sources */,
				66FA55FC29F7A42700A4230E /* Country.swift in Sources */,
				66FA55EC29F7A25E00A4230E /* ViewController.swift in Sources */,
				66FA55E829F7A25E00A4230E /* AppDelegate.swift in Sources */,
				66FA55EA29F7A25E00A4230E /* SceneDelegate.swift in Sources */,
				66FA560529F7AF6000A4230E /* City.swift in Sources */,
				66FA560329F7ADB700A4230E /* CityViewController.swift in Sources */,
			);
			runOnlyForDeploymentPostprocessing = 0;
		};
/* End PBXSourcesBuildPhase section */

/* Begin PBXVariantGroup section */
		66FA55ED29F7A25E00A4230E /* Main.storyboard */ = {
			isa = PBXVariantGroup;
			children = (
				66FA55EE29F7A25E00A4230E /* Base */,
			);
			name = Main.storyboard;
			sourceTree = "<group>";
		};
		66FA55F229F7A25F00A4230E /* LaunchScreen.storyboard */ = {
			isa = PBXVariantGroup;
			children = (
				66FA55F329F7A25F00A4230E /* Base */,
			);
			name = LaunchScreen.storyboard;
			sourceTree = "<group>";
		};
/* End PBXVariantGroup section */

/* Begin XCBuildConfiguration section */
		66FA55F629F7A25F00A4230E /* Debug */ = {
			isa = XCBuildConfiguration;
			buildSettings = {
				ALWAYS_SEARCH_USER_PATHS = NO;
				CLANG_ANALYZER_NONNULL = YES;
				CLANG_ANALYZER_NUMBER_OBJECT_CONVERSION = YES_AGGRESSIVE;
				CLANG_CXX_LANGUAGE_STANDARD = "gnu++20";
				CLANG_ENABLE_MODULES = YES;
				CLANG_ENABLE_OBJC_ARC = YES;
				CLANG_ENABLE_OBJC_WEAK = YES;
				CLANG_WARN_BLOCK_CAPTURE_AUTORELEASING = YES;
				CLANG_WARN_BOOL_CONVERSION = YES;
				CLANG_WARN_COMMA = YES;
				CLANG_WARN_CONSTANT_CONVERSION = YES;
				CLANG_WARN_DEPRECATED_OBJC_IMPLEMENTATIONS = YES;
				CLANG_WARN_DIRECT_OBJC_ISA_USAGE = YES_ERROR;
				CLANG_WARN_DOCUMENTATION_COMMENTS = YES;
				CLANG_WARN_EMPTY_BODY = YES;
				CLANG_WARN_ENUM_CONVERSION = YES;
				CLANG_WARN_INFINITE_RECURSION = YES;
				CLANG_WARN_INT_CONVERSION = YES;
				CLANG_WARN_NON_LITERAL_NULL_CONVERSION = YES;
				CLANG_WARN_OBJC_IMPLICIT_RETAIN_SELF = YES;
				CLANG_WARN_OBJC_LITERAL_CONVERSION = YES;
				CLANG_WARN_OBJC_ROOT_CLASS = YES_ERROR;
				CLANG_WARN_QUOTED_INCLUDE_IN_FRAMEWORK_HEADER = YES;
				CLANG_WARN_RANGE_LOOP_ANALYSIS = YES;
				CLANG_WARN_STRICT_PROTOTYPES = YES;
				CLANG_WARN_SUSPICIOUS_MOVE = YES;
				CLANG_WARN_UNGUARDED_AVAILABILITY = YES_AGGRESSIVE;
				CLANG_WARN_UNREACHABLE_CODE = YES;
				CLANG_WARN__DUPLICATE_METHOD_MATCH = YES;
				COPY_PHASE_STRIP = NO;
				DEBUG_INFORMATION_FORMAT = dwarf;
				ENABLE_STRICT_OBJC_MSGSEND = YES;
				ENABLE_TESTABILITY = YES;
				GCC_C_LANGUAGE_STANDARD = gnu11;
				GCC_DYNAMIC_NO_PIC = NO;
				GCC_NO_COMMON_BLOCKS = YES;
				GCC_OPTIMIZATION_LEVEL = 0;
				GCC_PREPROCESSOR_DEFINITIONS = (
					"DEBUG=1",
					"$(inherited)",
				);
				GCC_WARN_64_TO_32_BIT_CONVERSION = YES;
				GCC_WARN_ABOUT_RETURN_TYPE = YES_ERROR;
				GCC_WARN_UNDECLARED_SELECTOR = YES;
				GCC_WARN_UNINITIALIZED_AUTOS = YES_AGGRESSIVE;
				GCC_WARN_UNUSED_FUNCTION = YES;
				GCC_WARN_UNUSED_VARIABLE = YES;
				IPHONEOS_DEPLOYMENT_TARGET = 16.4;
				MTL_ENABLE_DEBUG_INFO = INCLUDE_SOURCE;
				MTL_FAST_MATH = YES;
				ONLY_ACTIVE_ARCH = YES;
				SDKROOT = iphoneos;
				SWIFT_ACTIVE_COMPILATION_CONDITIONS = DEBUG;
				SWIFT_OPTIMIZATION_LEVEL = "-Onone";
			};
			name = Debug;
		};
		66FA55F729F7A25F00A4230E /* Release */ = {
			isa = XCBuildConfiguration;
			buildSettings = {
				ALWAYS_SEARCH_USER_PATHS = NO;
				CLANG_ANALYZER_NONNULL = YES;
				CLANG_ANALYZER_NUMBER_OBJECT_CONVERSION = YES_AGGRESSIVE;
				CLANG_CXX_LANGUAGE_STANDARD = "gnu++20";
				CLANG_ENABLE_MODULES = YES;
				CLANG_ENABLE_OBJC_ARC = YES;
				CLANG_ENABLE_OBJC_WEAK = YES;
				CLANG_WARN_BLOCK_CAPTURE_AUTORELEASING = YES;
				CLANG_WARN_BOOL_CONVERSION = YES;
				CLANG_WARN_COMMA = YES;
				CLANG_WARN_CONSTANT_CONVERSION = YES;
				CLANG_WARN_DEPRECATED_OBJC_IMPLEMENTATIONS = YES;
				CLANG_WARN_DIRECT_OBJC_ISA_USAGE = YES_ERROR;
				CLANG_WARN_DOCUMENTATION_COMMENTS = YES;
				CLANG_WARN_EMPTY_BODY = YES;
				CLANG_WARN_ENUM_CONVERSION = YES;
				CLANG_WARN_INFINITE_RECURSION = YES;
				CLANG_WARN_INT_CONVERSION = YES;
				CLANG_WARN_NON_LITERAL_NULL_CONVERSION = YES;
				CLANG_WARN_OBJC_IMPLICIT_RETAIN_SELF = YES;
				CLANG_WARN_OBJC_LITERAL_CONVERSION = YES;
				CLANG_WARN_OBJC_ROOT_CLASS = YES_ERROR;
				CLANG_WARN_QUOTED_INCLUDE_IN_FRAMEWORK_HEADER = YES;
				CLANG_WARN_RANGE_LOOP_ANALYSIS = YES;
				CLANG_WARN_STRICT_PROTOTYPES = YES;
				CLANG_WARN_SUSPICIOUS_MOVE = YES;
				CLANG_WARN_UNGUARDED_AVAILABILITY = YES_AGGRESSIVE;
				CLANG_WARN_UNREACHABLE_CODE = YES;
				CLANG_WARN__DUPLICATE_METHOD_MATCH = YES;
				COPY_PHASE_STRIP = NO;
				DEBUG_INFORMATION_FORMAT = "dwarf-with-dsym";
				ENABLE_NS_ASSERTIONS = NO;
				ENABLE_STRICT_OBJC_MSGSEND = YES;
				GCC_C_LANGUAGE_STANDARD = gnu11;
				GCC_NO_COMMON_BLOCKS = YES;
				GCC_WARN_64_TO_32_BIT_CONVERSION = YES;
				GCC_WARN_ABOUT_RETURN_TYPE = YES_ERROR;
				GCC_WARN_UNDECLARED_SELECTOR = YES;
				GCC_WARN_UNINITIALIZED_AUTOS = YES_AGGRESSIVE;
				GCC_WARN_UNUSED_FUNCTION = YES;
				GCC_WARN_UNUSED_VARIABLE = YES;
				IPHONEOS_DEPLOYMENT_TARGET = 16.4;
				MTL_ENABLE_DEBUG_INFO = NO;
				MTL_FAST_MATH = YES;
				SDKROOT = iphoneos;
				SWIFT_COMPILATION_MODE = wholemodule;
				SWIFT_OPTIMIZATION_LEVEL = "-O";
				VALIDATE_PRODUCT = YES;
			};
			name = Release;
		};
		66FA55F929F7A25F00A4230E /* Debug */ = {
			isa = XCBuildConfiguration;
			buildSettings = {
				ASSETCATALOG_COMPILER_APPICON_NAME = AppIcon;
				ASSETCATALOG_COMPILER_GLOBAL_ACCENT_COLOR_NAME = AccentColor;
				CODE_SIGN_STYLE = Automatic;
				CURRENT_PROJECT_VERSION = 1;
				DEVELOPMENT_TEAM = RF42434X35;
				GENERATE_INFOPLIST_FILE = YES;
				INFOPLIST_FILE = WeatherList/Info.plist;
				INFOPLIST_KEY_UIApplicationSupportsIndirectInputEvents = YES;
				INFOPLIST_KEY_UILaunchStoryboardName = LaunchScreen;
				INFOPLIST_KEY_UIMainStoryboardFile = Main;
				INFOPLIST_KEY_UISupportedInterfaceOrientations_iPad = "UIInterfaceOrientationPortrait UIInterfaceOrientationPortraitUpsideDown UIInterfaceOrientationLandscapeLeft UIInterfaceOrientationLandscapeRight";
				INFOPLIST_KEY_UISupportedInterfaceOrientations_iPhone = "UIInterfaceOrientationPortrait UIInterfaceOrientationLandscapeLeft UIInterfaceOrientationLandscapeRight";
				LD_RUNPATH_SEARCH_PATHS = (
					"$(inherited)",
					"@executable_path/Frameworks",
				);
				MARKETING_VERSION = 1.0;
				PRODUCT_BUNDLE_IDENTIFIER = com.Taeyoung.WeatherList;
				PRODUCT_NAME = "$(TARGET_NAME)";
				SWIFT_EMIT_LOC_STRINGS = YES;
				SWIFT_VERSION = 5.0;
				TARGETED_DEVICE_FAMILY = "1,2";
			};
			name = Debug;
		};
		66FA55FA29F7A25F00A4230E /* Release */ = {
			isa = XCBuildConfiguration;
			buildSettings = {
				ASSETCATALOG_COMPILER_APPICON_NAME = AppIcon;
				ASSETCATALOG_COMPILER_GLOBAL_ACCENT_COLOR_NAME = AccentColor;
				CODE_SIGN_STYLE = Automatic;
				CURRENT_PROJECT_VERSION = 1;
				DEVELOPMENT_TEAM = RF42434X35;
				GENERATE_INFOPLIST_FILE = YES;
				INFOPLIST_FILE = WeatherList/Info.plist;
				INFOPLIST_KEY_UIApplicationSupportsIndirectInputEvents = YES;
				INFOPLIST_KEY_UILaunchStoryboardName = LaunchScreen;
				INFOPLIST_KEY_UIMainStoryboardFile = Main;
				INFOPLIST_KEY_UISupportedInterfaceOrientations_iPad = "UIInterfaceOrientationPortrait UIInterfaceOrientationPortraitUpsideDown UIInterfaceOrientationLandscapeLeft UIInterfaceOrientationLandscapeRight";
				INFOPLIST_KEY_UISupportedInterfaceOrientations_iPhone = "UIInterfaceOrientationPortrait UIInterfaceOrientationLandscapeLeft UIInterfaceOrientationLandscapeRight";
				LD_RUNPATH_SEARCH_PATHS = (
					"$(inherited)",
					"@executable_path/Frameworks",
				);
				MARKETING_VERSION = 1.0;
				PRODUCT_BUNDLE_IDENTIFIER = com.Taeyoung.WeatherList;
				PRODUCT_NAME = "$(TARGET_NAME)";
				SWIFT_EMIT_LOC_STRINGS = YES;
				SWIFT_VERSION = 5.0;
				TARGETED_DEVICE_FAMILY = "1,2";
			};
			name = Release;
		};
/* End XCBuildConfiguration section */

/* Begin XCConfigurationList section */
		66FA55DF29F7A25E00A4230E /* Build configuration list for PBXProject "WeatherList" */ = {
			isa = XCConfigurationList;
			buildConfigurations = (
				66FA55F629F7A25F00A4230E /* Debug */,
				66FA55F729F7A25F00A4230E /* Release */,
			);
			defaultConfigurationIsVisible = 0;
			defaultConfigurationName = Release;
		};
		66FA55F829F7A25F00A4230E /* Build configuration list for PBXNativeTarget "WeatherList" */ = {
			isa = XCConfigurationList;
			buildConfigurations = (
				66FA55F929F7A25F00A4230E /* Debug */,
				66FA55FA29F7A25F00A4230E /* Release */,
			);
			defaultConfigurationIsVisible = 0;
			defaultConfigurationName = Release;
		};
/* End XCConfigurationList section */
	};
	rootObject = 66FA55DC29F7A25E00A4230E /* Project object */;
}
