// !$*UTF8*$!
{
	archiveVersion = 1;
	classes = {
	};
	objectVersion = 56;
	objects = {

/* Begin PBXBuildFile section */
		66ED178429C2D1AD0068FBF4 /* AppDelegate.swift in Sources */ = {isa = PBXBuildFile; fileRef = 66ED178329C2D1AD0068FBF4 /* AppDelegate.swift */; };
		66ED178629C2D1AD0068FBF4 /* SceneDelegate.swift in Sources */ = {isa = PBXBuildFile; fileRef = 66ED178529C2D1AD0068FBF4 /* SceneDelegate.swift */; };
		66ED178829C2D1AD0068FBF4 /* ViewController.swift in Sources */ = {isa = PBXBuildFile; fileRef = 66ED178729C2D1AD0068FBF4 /* ViewController.swift */; };
		66ED178B29C2D1AD0068FBF4 /* Main.storyboard in Resources */ = {isa = PBXBuildFile; fileRef = 66ED178929C2D1AD0068FBF4 /* Main.storyboard */; };
		66ED178D29C2D1AE0068FBF4 /* Assets.xcassets in Resources */ = {isa = PBXBuildFile; fileRef = 66ED178C29C2D1AE0068FBF4 /* Assets.xcassets */; };
		66ED179029C2D1AE0068FBF4 /* LaunchScreen.storyboard in Resources */ = {isa = PBXBuildFile; fileRef = 66ED178E29C2D1AE0068FBF4 /* LaunchScreen.storyboard */; };
		66ED179B29C2D1AE0068FBF4 /* ImagePickerTests.swift in Sources */ = {isa = PBXBuildFile; fileRef = 66ED179A29C2D1AE0068FBF4 /* ImagePickerTests.swift */; };
		66ED17A529C2D1AE0068FBF4 /* ImagePickerUITests.swift in Sources */ = {isa = PBXBuildFile; fileRef = 66ED17A429C2D1AE0068FBF4 /* ImagePickerUITests.swift */; };
		66ED17A729C2D1AE0068FBF4 /* ImagePickerUITestsLaunchTests.swift in Sources */ = {isa = PBXBuildFile; fileRef = 66ED17A629C2D1AE0068FBF4 /* ImagePickerUITestsLaunchTests.swift */; };
/* End PBXBuildFile section */

/* Begin PBXContainerItemProxy section */
		66ED179729C2D1AE0068FBF4 /* PBXContainerItemProxy */ = {
			isa = PBXContainerItemProxy;
			containerPortal = 66ED177829C2D1AD0068FBF4 /* Project object */;
			proxyType = 1;
			remoteGlobalIDString = 66ED177F29C2D1AD0068FBF4;
			remoteInfo = ImagePicker;
		};
		66ED17A129C2D1AE0068FBF4 /* PBXContainerItemProxy */ = {
			isa = PBXContainerItemProxy;
			containerPortal = 66ED177829C2D1AD0068FBF4 /* Project object */;
			proxyType = 1;
			remoteGlobalIDString = 66ED177F29C2D1AD0068FBF4;
			remoteInfo = ImagePicker;
		};
/* End PBXContainerItemProxy section */

/* Begin PBXFileReference section */
		66ED178029C2D1AD0068FBF4 /* ImagePicker.app */ = {isa = PBXFileReference; explicitFileType = wrapper.application; includeInIndex = 0; path = ImagePicker.app; sourceTree = BUILT_PRODUCTS_DIR; };
		66ED178329C2D1AD0068FBF4 /* AppDelegate.swift */ = {isa = PBXFileReference; lastKnownFileType = sourcecode.swift; path = AppDelegate.swift; sourceTree = "<group>"; };
		66ED178529C2D1AD0068FBF4 /* SceneDelegate.swift */ = {isa = PBXFileReference; lastKnownFileType = sourcecode.swift; path = SceneDelegate.swift; sourceTree = "<group>"; };
		66ED178729C2D1AD0068FBF4 /* ViewController.swift */ = {isa = PBXFileReference; lastKnownFileType = sourcecode.swift; path = ViewController.swift; sourceTree = "<group>"; };
		66ED178A29C2D1AD0068FBF4 /* Base */ = {isa = PBXFileReference; lastKnownFileType = file.storyboard; name = Base; path = Base.lproj/Main.storyboard; sourceTree = "<group>"; };
		66ED178C29C2D1AE0068FBF4 /* Assets.xcassets */ = {isa = PBXFileReference; lastKnownFileType = folder.assetcatalog; path = Assets.xcassets; sourceTree = "<group>"; };
		66ED178F29C2D1AE0068FBF4 /* Base */ = {isa = PBXFileReference; lastKnownFileType = file.storyboard; name = Base; path = Base.lproj/LaunchScreen.storyboard; sourceTree = "<group>"; };
		66ED179129C2D1AE0068FBF4 /* Info.plist */ = {isa = PBXFileReference; lastKnownFileType = text.plist.xml; path = Info.plist; sourceTree = "<group>"; };
		66ED179629C2D1AE0068FBF4 /* ImagePickerTests.xctest */ = {isa = PBXFileReference; explicitFileType = wrapper.cfbundle; includeInIndex = 0; path = ImagePickerTests.xctest; sourceTree = BUILT_PRODUCTS_DIR; };
		66ED179A29C2D1AE0068FBF4 /* ImagePickerTests.swift */ = {isa = PBXFileReference; lastKnownFileType = sourcecode.swift; path = ImagePickerTests.swift; sourceTree = "<group>"; };
		66ED17A029C2D1AE0068FBF4 /* ImagePickerUITests.xctest */ = {isa = PBXFileReference; explicitFileType = wrapper.cfbundle; includeInIndex = 0; path = ImagePickerUITests.xctest; sourceTree = BUILT_PRODUCTS_DIR; };
		66ED17A429C2D1AE0068FBF4 /* ImagePickerUITests.swift */ = {isa = PBXFileReference; lastKnownFileType = sourcecode.swift; path = ImagePickerUITests.swift; sourceTree = "<group>"; };
		66ED17A629C2D1AE0068FBF4 /* ImagePickerUITestsLaunchTests.swift */ = {isa = PBXFileReference; lastKnownFileType = sourcecode.swift; path = ImagePickerUITestsLaunchTests.swift; sourceTree = "<group>"; };
/* End PBXFileReference section */

/* Begin PBXFrameworksBuildPhase section */
		66ED177D29C2D1AD0068FBF4 /* Frameworks */ = {
			isa = PBXFrameworksBuildPhase;
			buildActionMask = 2147483647;
			files = (
			);
			runOnlyForDeploymentPostprocessing = 0;
		};
		66ED179329C2D1AE0068FBF4 /* Frameworks */ = {
			isa = PBXFrameworksBuildPhase;
			buildActionMask = 2147483647;
			files = (
			);
			runOnlyForDeploymentPostprocessing = 0;
		};
		66ED179D29C2D1AE0068FBF4 /* Frameworks */ = {
			isa = PBXFrameworksBuildPhase;
			buildActionMask = 2147483647;
			files = (
			);
			runOnlyForDeploymentPostprocessing = 0;
		};
/* End PBXFrameworksBuildPhase section */

/* Begin PBXGroup section */
		66ED177729C2D1AD0068FBF4 = {
			isa = PBXGroup;
			children = (
				66ED178229C2D1AD0068FBF4 /* ImagePicker */,
				66ED179929C2D1AE0068FBF4 /* ImagePickerTests */,
				66ED17A329C2D1AE0068FBF4 /* ImagePickerUITests */,
				66ED178129C2D1AD0068FBF4 /* Products */,
			);
			sourceTree = "<group>";
		};
		66ED178129C2D1AD0068FBF4 /* Products */ = {
			isa = PBXGroup;
			children = (
				66ED178029C2D1AD0068FBF4 /* ImagePicker.app */,
				66ED179629C2D1AE0068FBF4 /* ImagePickerTests.xctest */,
				66ED17A029C2D1AE0068FBF4 /* ImagePickerUITests.xctest */,
			);
			name = Products;
			sourceTree = "<group>";
		};
		66ED178229C2D1AD0068FBF4 /* ImagePicker */ = {
			isa = PBXGroup;
			children = (
				66ED178329C2D1AD0068FBF4 /* AppDelegate.swift */,
				66ED178529C2D1AD0068FBF4 /* SceneDelegate.swift */,
				66ED178729C2D1AD0068FBF4 /* ViewController.swift */,
				66ED178929C2D1AD0068FBF4 /* Main.storyboard */,
				66ED178C29C2D1AE0068FBF4 /* Assets.xcassets */,
				66ED178E29C2D1AE0068FBF4 /* LaunchScreen.storyboard */,
				66ED179129C2D1AE0068FBF4 /* Info.plist */,
			);
			path = ImagePicker;
			sourceTree = "<group>";
		};
		66ED179929C2D1AE0068FBF4 /* ImagePickerTests */ = {
			isa = PBXGroup;
			children = (
				66ED179A29C2D1AE0068FBF4 /* ImagePickerTests.swift */,
			);
			path = ImagePickerTests;
			sourceTree = "<group>";
		};
		66ED17A329C2D1AE0068FBF4 /* ImagePickerUITests */ = {
			isa = PBXGroup;
			children = (
				66ED17A429C2D1AE0068FBF4 /* ImagePickerUITests.swift */,
				66ED17A629C2D1AE0068FBF4 /* ImagePickerUITestsLaunchTests.swift */,
			);
			path = ImagePickerUITests;
			sourceTree = "<group>";
		};
/* End PBXGroup section */

/* Begin PBXNativeTarget section */
		66ED177F29C2D1AD0068FBF4 /* ImagePicker */ = {
			isa = PBXNativeTarget;
			buildConfigurationList = 66ED17AA29C2D1AE0068FBF4 /* Build configuration list for PBXNativeTarget "ImagePicker" */;
			buildPhases = (
				66ED177C29C2D1AD0068FBF4 /* Sources */,
				66ED177D29C2D1AD0068FBF4 /* Frameworks */,
				66ED177E29C2D1AD0068FBF4 /* Resources */,
			);
			buildRules = (
			);
			dependencies = (
			);
			name = ImagePicker;
			productName = ImagePicker;
			productReference = 66ED178029C2D1AD0068FBF4 /* ImagePicker.app */;
			productType = "com.apple.product-type.application";
		};
		66ED179529C2D1AE0068FBF4 /* ImagePickerTests */ = {
			isa = PBXNativeTarget;
			buildConfigurationList = 66ED17AD29C2D1AE0068FBF4 /* Build configuration list for PBXNativeTarget "ImagePickerTests" */;
			buildPhases = (
				66ED179229C2D1AE0068FBF4 /* Sources */,
				66ED179329C2D1AE0068FBF4 /* Frameworks */,
				66ED179429C2D1AE0068FBF4 /* Resources */,
			);
			buildRules = (
			);
			dependencies = (
				66ED179829C2D1AE0068FBF4 /* PBXTargetDependency */,
			);
			name = ImagePickerTests;
			productName = ImagePickerTests;
			productReference = 66ED179629C2D1AE0068FBF4 /* ImagePickerTests.xctest */;
			productType = "com.apple.product-type.bundle.unit-test";
		};
		66ED179F29C2D1AE0068FBF4 /* ImagePickerUITests */ = {
			isa = PBXNativeTarget;
			buildConfigurationList = 66ED17B029C2D1AE0068FBF4 /* Build configuration list for PBXNativeTarget "ImagePickerUITests" */;
			buildPhases = (
				66ED179C29C2D1AE0068FBF4 /* Sources */,
				66ED179D29C2D1AE0068FBF4 /* Frameworks */,
				66ED179E29C2D1AE0068FBF4 /* Resources */,
			);
			buildRules = (
			);
			dependencies = (
				66ED17A229C2D1AE0068FBF4 /* PBXTargetDependency */,
			);
			name = ImagePickerUITests;
			productName = ImagePickerUITests;
			productReference = 66ED17A029C2D1AE0068FBF4 /* ImagePickerUITests.xctest */;
			productType = "com.apple.product-type.bundle.ui-testing";
		};
/* End PBXNativeTarget section */

/* Begin PBXProject section */
		66ED177829C2D1AD0068FBF4 /* Project object */ = {
			isa = PBXProject;
			attributes = {
				BuildIndependentTargetsInParallel = 1;
				LastSwiftUpdateCheck = 1420;
				LastUpgradeCheck = 1420;
				TargetAttributes = {
					66ED177F29C2D1AD0068FBF4 = {
						CreatedOnToolsVersion = 14.2;
					};
					66ED179529C2D1AE0068FBF4 = {
						CreatedOnToolsVersion = 14.2;
						TestTargetID = 66ED177F29C2D1AD0068FBF4;
					};
					66ED179F29C2D1AE0068FBF4 = {
						CreatedOnToolsVersion = 14.2;
						TestTargetID = 66ED177F29C2D1AD0068FBF4;
					};
				};
			};
			buildConfigurationList = 66ED177B29C2D1AD0068FBF4 /* Build configuration list for PBXProject "ImagePicker" */;
			compatibilityVersion = "Xcode 14.0";
			developmentRegion = en;
			hasScannedForEncodings = 0;
			knownRegions = (
				en,
				Base,
			);
			mainGroup = 66ED177729C2D1AD0068FBF4;
			productRefGroup = 66ED178129C2D1AD0068FBF4 /* Products */;
			projectDirPath = "";
			projectRoot = "";
			targets = (
				66ED177F29C2D1AD0068FBF4 /* ImagePicker */,
				66ED179529C2D1AE0068FBF4 /* ImagePickerTests */,
				66ED179F29C2D1AE0068FBF4 /* ImagePickerUITests */,
			);
		};
/* End PBXProject section */

/* Begin PBXResourcesBuildPhase section */
		66ED177E29C2D1AD0068FBF4 /* Resources */ = {
			isa = PBXResourcesBuildPhase;
			buildActionMask = 2147483647;
			files = (
				66ED179029C2D1AE0068FBF4 /* LaunchScreen.storyboard in Resources */,
				66ED178D29C2D1AE0068FBF4 /* Assets.xcassets in Resources */,
				66ED178B29C2D1AD0068FBF4 /* Main.storyboard in Resources */,
			);
			runOnlyForDeploymentPostprocessing = 0;
		};
		66ED179429C2D1AE0068FBF4 /* Resources */ = {
			isa = PBXResourcesBuildPhase;
			buildActionMask = 2147483647;
			files = (
			);
			runOnlyForDeploymentPostprocessing = 0;
		};
		66ED179E29C2D1AE0068FBF4 /* Resources */ = {
			isa = PBXResourcesBuildPhase;
			buildActionMask = 2147483647;
			files = (
			);
			runOnlyForDeploymentPostprocessing = 0;
		};
/* End PBXResourcesBuildPhase section */

/* Begin PBXSourcesBuildPhase section */
		66ED177C29C2D1AD0068FBF4 /* Sources */ = {
			isa = PBXSourcesBuildPhase;
			buildActionMask = 2147483647;
			files = (
				66ED178829C2D1AD0068FBF4 /* ViewController.swift in Sources */,
				66ED178429C2D1AD0068FBF4 /* AppDelegate.swift in Sources */,
				66ED178629C2D1AD0068FBF4 /* SceneDelegate.swift in Sources */,
			);
			runOnlyForDeploymentPostprocessing = 0;
		};
		66ED179229C2D1AE0068FBF4 /* Sources */ = {
			isa = PBXSourcesBuildPhase;
			buildActionMask = 2147483647;
			files = (
				66ED179B29C2D1AE0068FBF4 /* ImagePickerTests.swift in Sources */,
			);
			runOnlyForDeploymentPostprocessing = 0;
		};
		66ED179C29C2D1AE0068FBF4 /* Sources */ = {
			isa = PBXSourcesBuildPhase;
			buildActionMask = 2147483647;
			files = (
				66ED17A729C2D1AE0068FBF4 /* ImagePickerUITestsLaunchTests.swift in Sources */,
				66ED17A529C2D1AE0068FBF4 /* ImagePickerUITests.swift in Sources */,
			);
			runOnlyForDeploymentPostprocessing = 0;
		};
/* End PBXSourcesBuildPhase section */

/* Begin PBXTargetDependency section */
		66ED179829C2D1AE0068FBF4 /* PBXTargetDependency */ = {
			isa = PBXTargetDependency;
			target = 66ED177F29C2D1AD0068FBF4 /* ImagePicker */;
			targetProxy = 66ED179729C2D1AE0068FBF4 /* PBXContainerItemProxy */;
		};
		66ED17A229C2D1AE0068FBF4 /* PBXTargetDependency */ = {
			isa = PBXTargetDependency;
			target = 66ED177F29C2D1AD0068FBF4 /* ImagePicker */;
			targetProxy = 66ED17A129C2D1AE0068FBF4 /* PBXContainerItemProxy */;
		};
/* End PBXTargetDependency section */

/* Begin PBXVariantGroup section */
		66ED178929C2D1AD0068FBF4 /* Main.storyboard */ = {
			isa = PBXVariantGroup;
			children = (
				66ED178A29C2D1AD0068FBF4 /* Base */,
			);
			name = Main.storyboard;
			sourceTree = "<group>";
		};
		66ED178E29C2D1AE0068FBF4 /* LaunchScreen.storyboard */ = {
			isa = PBXVariantGroup;
			children = (
				66ED178F29C2D1AE0068FBF4 /* Base */,
			);
			name = LaunchScreen.storyboard;
			sourceTree = "<group>";
		};
/* End PBXVariantGroup section */

/* Begin XCBuildConfiguration section */
		66ED17A829C2D1AE0068FBF4 /* Debug */ = {
			isa = XCBuildConfiguration;
			buildSettings = {
				ALWAYS_SEARCH_USER_PATHS = NO;
				CLANG_ANALYZER_NONNULL = YES;
				CLANG_ANALYZER_NUMBER_OBJECT_CONVERSION = YES_AGGRESSIVE;
				CLANG_CXX_LANGUAGE_STANDARD = "gnu++20";
				CLANG_ENABLE_MODULES = YES;
				CLANG_ENABLE_OBJC_ARC = YES;
				CLANG_ENABLE_OBJC_WEAK = YES;
				CLANG_WARN_BLOCK_CAPTURE_AUTORELEASING = YES;
				CLANG_WARN_BOOL_CONVERSION = YES;
				CLANG_WARN_COMMA = YES;
				CLANG_WARN_CONSTANT_CONVERSION = YES;
				CLANG_WARN_DEPRECATED_OBJC_IMPLEMENTATIONS = YES;
				CLANG_WARN_DIRECT_OBJC_ISA_USAGE = YES_ERROR;
				CLANG_WARN_DOCUMENTATION_COMMENTS = YES;
				CLANG_WARN_EMPTY_BODY = YES;
				CLANG_WARN_ENUM_CONVERSION = YES;
				CLANG_WARN_INFINITE_RECURSION = YES;
				CLANG_WARN_INT_CONVERSION = YES;
				CLANG_WARN_NON_LITERAL_NULL_CONVERSION = YES;
				CLANG_WARN_OBJC_IMPLICIT_RETAIN_SELF = YES;
				CLANG_WARN_OBJC_LITERAL_CONVERSION = YES;
				CLANG_WARN_OBJC_ROOT_CLASS = YES_ERROR;
				CLANG_WARN_QUOTED_INCLUDE_IN_FRAMEWORK_HEADER = YES;
				CLANG_WARN_RANGE_LOOP_ANALYSIS = YES;
				CLANG_WARN_STRICT_PROTOTYPES = YES;
				CLANG_WARN_SUSPICIOUS_MOVE = YES;
				CLANG_WARN_UNGUARDED_AVAILABILITY = YES_AGGRESSIVE;
				CLANG_WARN_UNREACHABLE_CODE = YES;
				CLANG_WARN__DUPLICATE_METHOD_MATCH = YES;
				COPY_PHASE_STRIP = NO;
				DEBUG_INFORMATION_FORMAT = dwarf;
				ENABLE_STRICT_OBJC_MSGSEND = YES;
				ENABLE_TESTABILITY = YES;
				GCC_C_LANGUAGE_STANDARD = gnu11;
				GCC_DYNAMIC_NO_PIC = NO;
				GCC_NO_COMMON_BLOCKS = YES;
				GCC_OPTIMIZATION_LEVEL = 0;
				GCC_PREPROCESSOR_DEFINITIONS = (
					"DEBUG=1",
					"$(inherited)",
				);
				GCC_WARN_64_TO_32_BIT_CONVERSION = YES;
				GCC_WARN_ABOUT_RETURN_TYPE = YES_ERROR;
				GCC_WARN_UNDECLARED_SELECTOR = YES;
				GCC_WARN_UNINITIALIZED_AUTOS = YES_AGGRESSIVE;
				GCC_WARN_UNUSED_FUNCTION = YES;
				GCC_WARN_UNUSED_VARIABLE = YES;
				IPHONEOS_DEPLOYMENT_TARGET = 16.2;
				MTL_ENABLE_DEBUG_INFO = INCLUDE_SOURCE;
				MTL_FAST_MATH = YES;
				ONLY_ACTIVE_ARCH = YES;
				SDKROOT = iphoneos;
				SWIFT_ACTIVE_COMPILATION_CONDITIONS = DEBUG;
				SWIFT_OPTIMIZATION_LEVEL = "-Onone";
			};
			name = Debug;
		};
		66ED17A929C2D1AE0068FBF4 /* Release */ = {
			isa = XCBuildConfiguration;
			buildSettings = {
				ALWAYS_SEARCH_USER_PATHS = NO;
				CLANG_ANALYZER_NONNULL = YES;
				CLANG_ANALYZER_NUMBER_OBJECT_CONVERSION = YES_AGGRESSIVE;
				CLANG_CXX_LANGUAGE_STANDARD = "gnu++20";
				CLANG_ENABLE_MODULES = YES;
				CLANG_ENABLE_OBJC_ARC = YES;
				CLANG_ENABLE_OBJC_WEAK = YES;
				CLANG_WARN_BLOCK_CAPTURE_AUTORELEASING = YES;
				CLANG_WARN_BOOL_CONVERSION = YES;
				CLANG_WARN_COMMA = YES;
				CLANG_WARN_CONSTANT_CONVERSION = YES;
				CLANG_WARN_DEPRECATED_OBJC_IMPLEMENTATIONS = YES;
				CLANG_WARN_DIRECT_OBJC_ISA_USAGE = YES_ERROR;
				CLANG_WARN_DOCUMENTATION_COMMENTS = YES;
				CLANG_WARN_EMPTY_BODY = YES;
				CLANG_WARN_ENUM_CONVERSION = YES;
				CLANG_WARN_INFINITE_RECURSION = YES;
				CLANG_WARN_INT_CONVERSION = YES;
				CLANG_WARN_NON_LITERAL_NULL_CONVERSION = YES;
				CLANG_WARN_OBJC_IMPLICIT_RETAIN_SELF = YES;
				CLANG_WARN_OBJC_LITERAL_CONVERSION = YES;
				CLANG_WARN_OBJC_ROOT_CLASS = YES_ERROR;
				CLANG_WARN_QUOTED_INCLUDE_IN_FRAMEWORK_HEADER = YES;
				CLANG_WARN_RANGE_LOOP_ANALYSIS = YES;
				CLANG_WARN_STRICT_PROTOTYPES = YES;
				CLANG_WARN_SUSPICIOUS_MOVE = YES;
				CLANG_WARN_UNGUARDED_AVAILABILITY = YES_AGGRESSIVE;
				CLANG_WARN_UNREACHABLE_CODE = YES;
				CLANG_WARN__DUPLICATE_METHOD_MATCH = YES;
				COPY_PHASE_STRIP = NO;
				DEBUG_INFORMATION_FORMAT = "dwarf-with-dsym";
				ENABLE_NS_ASSERTIONS = NO;
				ENABLE_STRICT_OBJC_MSGSEND = YES;
				GCC_C_LANGUAGE_STANDARD = gnu11;
				GCC_NO_COMMON_BLOCKS = YES;
				GCC_WARN_64_TO_32_BIT_CONVERSION = YES;
				GCC_WARN_ABOUT_RETURN_TYPE = YES_ERROR;
				GCC_WARN_UNDECLARED_SELECTOR = YES;
				GCC_WARN_UNINITIALIZED_AUTOS = YES_AGGRESSIVE;
				GCC_WARN_UNUSED_FUNCTION = YES;
				GCC_WARN_UNUSED_VARIABLE = YES;
				IPHONEOS_DEPLOYMENT_TARGET = 16.2;
				MTL_ENABLE_DEBUG_INFO = NO;
				MTL_FAST_MATH = YES;
				SDKROOT = iphoneos;
				SWIFT_COMPILATION_MODE = wholemodule;
				SWIFT_OPTIMIZATION_LEVEL = "-O";
				VALIDATE_PRODUCT = YES;
			};
			name = Release;
		};
		66ED17AB29C2D1AE0068FBF4 /* Debug */ = {
			isa = XCBuildConfiguration;
			buildSettings = {
				ASSETCATALOG_COMPILER_APPICON_NAME = AppIcon;
				ASSETCATALOG_COMPILER_GLOBAL_ACCENT_COLOR_NAME = AccentColor;
				CODE_SIGN_STYLE = Automatic;
				CURRENT_PROJECT_VERSION = 1;
				GENERATE_INFOPLIST_FILE = YES;
				INFOPLIST_FILE = ImagePicker/Info.plist;
				INFOPLIST_KEY_UIApplicationSupportsIndirectInputEvents = YES;
				INFOPLIST_KEY_UILaunchStoryboardName = LaunchScreen;
				INFOPLIST_KEY_UIMainStoryboardFile = Main;
				INFOPLIST_KEY_UISupportedInterfaceOrientations_iPad = "UIInterfaceOrientationPortrait UIInterfaceOrientationPortraitUpsideDown UIInterfaceOrientationLandscapeLeft UIInterfaceOrientationLandscapeRight";
				INFOPLIST_KEY_UISupportedInterfaceOrientations_iPhone = "UIInterfaceOrientationPortrait UIInterfaceOrientationLandscapeLeft UIInterfaceOrientationLandscapeRight";
				LD_RUNPATH_SEARCH_PATHS = (
					"$(inherited)",
					"@executable_path/Frameworks",
				);
				MARKETING_VERSION = 1.0;
				PRODUCT_BUNDLE_IDENTIFIER = com.Taeyoung.ImagePicker;
				PRODUCT_NAME = "$(TARGET_NAME)";
				SWIFT_EMIT_LOC_STRINGS = YES;
				SWIFT_VERSION = 5.0;
				TARGETED_DEVICE_FAMILY = "1,2";
			};
			name = Debug;
		};
		66ED17AC29C2D1AE0068FBF4 /* Release */ = {
			isa = XCBuildConfiguration;
			buildSettings = {
				ASSETCATALOG_COMPILER_APPICON_NAME = AppIcon;
				ASSETCATALOG_COMPILER_GLOBAL_ACCENT_COLOR_NAME = AccentColor;
				CODE_SIGN_STYLE = Automatic;
				CURRENT_PROJECT_VERSION = 1;
				GENERATE_INFOPLIST_FILE = YES;
				INFOPLIST_FILE = ImagePicker/Info.plist;
				INFOPLIST_KEY_UIApplicationSupportsIndirectInputEvents = YES;
				INFOPLIST_KEY_UILaunchStoryboardName = LaunchScreen;
				INFOPLIST_KEY_UIMainStoryboardFile = Main;
				INFOPLIST_KEY_UISupportedInterfaceOrientations_iPad = "UIInterfaceOrientationPortrait UIInterfaceOrientationPortraitUpsideDown UIInterfaceOrientationLandscapeLeft UIInterfaceOrientationLandscapeRight";
				INFOPLIST_KEY_UISupportedInterfaceOrientations_iPhone = "UIInterfaceOrientationPortrait UIInterfaceOrientationLandscapeLeft UIInterfaceOrientationLandscapeRight";
				LD_RUNPATH_SEARCH_PATHS = (
					"$(inherited)",
					"@executable_path/Frameworks",
				);
				MARKETING_VERSION = 1.0;
				PRODUCT_BUNDLE_IDENTIFIER = com.Taeyoung.ImagePicker;
				PRODUCT_NAME = "$(TARGET_NAME)";
				SWIFT_EMIT_LOC_STRINGS = YES;
				SWIFT_VERSION = 5.0;
				TARGETED_DEVICE_FAMILY = "1,2";
			};
			name = Release;
		};
		66ED17AE29C2D1AE0068FBF4 /* Debug */ = {
			isa = XCBuildConfiguration;
			buildSettings = {
				ALWAYS_EMBED_SWIFT_STANDARD_LIBRARIES = YES;
				BUNDLE_LOADER = "$(TEST_HOST)";
				CODE_SIGN_STYLE = Automatic;
				CURRENT_PROJECT_VERSION = 1;
				GENERATE_INFOPLIST_FILE = YES;
				IPHONEOS_DEPLOYMENT_TARGET = 16.2;
				MARKETING_VERSION = 1.0;
				PRODUCT_BUNDLE_IDENTIFIER = com.Taeyoung.ImagePickerTests;
				PRODUCT_NAME = "$(TARGET_NAME)";
				SWIFT_EMIT_LOC_STRINGS = NO;
				SWIFT_VERSION = 5.0;
				TARGETED_DEVICE_FAMILY = "1,2";
				TEST_HOST = "$(BUILT_PRODUCTS_DIR)/ImagePicker.app/$(BUNDLE_EXECUTABLE_FOLDER_PATH)/ImagePicker";
			};
			name = Debug;
		};
		66ED17AF29C2D1AE0068FBF4 /* Release */ = {
			isa = XCBuildConfiguration;
			buildSettings = {
				ALWAYS_EMBED_SWIFT_STANDARD_LIBRARIES = YES;
				BUNDLE_LOADER = "$(TEST_HOST)";
				CODE_SIGN_STYLE = Automatic;
				CURRENT_PROJECT_VERSION = 1;
				GENERATE_INFOPLIST_FILE = YES;
				IPHONEOS_DEPLOYMENT_TARGET = 16.2;
				MARKETING_VERSION = 1.0;
				PRODUCT_BUNDLE_IDENTIFIER = com.Taeyoung.ImagePickerTests;
				PRODUCT_NAME = "$(TARGET_NAME)";
				SWIFT_EMIT_LOC_STRINGS = NO;
				SWIFT_VERSION = 5.0;
				TARGETED_DEVICE_FAMILY = "1,2";
				TEST_HOST = "$(BUILT_PRODUCTS_DIR)/ImagePicker.app/$(BUNDLE_EXECUTABLE_FOLDER_PATH)/ImagePicker";
			};
			name = Release;
		};
		66ED17B129C2D1AE0068FBF4 /* Debug */ = {
			isa = XCBuildConfiguration;
			buildSettings = {
				ALWAYS_EMBED_SWIFT_STANDARD_LIBRARIES = YES;
				CODE_SIGN_STYLE = Automatic;
				CURRENT_PROJECT_VERSION = 1;
				GENERATE_INFOPLIST_FILE = YES;
				MARKETING_VERSION = 1.0;
				PRODUCT_BUNDLE_IDENTIFIER = com.Taeyoung.ImagePickerUITests;
				PRODUCT_NAME = "$(TARGET_NAME)";
				SWIFT_EMIT_LOC_STRINGS = NO;
				SWIFT_VERSION = 5.0;
				TARGETED_DEVICE_FAMILY = "1,2";
				TEST_TARGET_NAME = ImagePicker;
			};
			name = Debug;
		};
		66ED17B229C2D1AE0068FBF4 /* Release */ = {
			isa = XCBuildConfiguration;
			buildSettings = {
				ALWAYS_EMBED_SWIFT_STANDARD_LIBRARIES = YES;
				CODE_SIGN_STYLE = Automatic;
				CURRENT_PROJECT_VERSION = 1;
				GENERATE_INFOPLIST_FILE = YES;
				MARKETING_VERSION = 1.0;
				PRODUCT_BUNDLE_IDENTIFIER = com.Taeyoung.ImagePickerUITests;
				PRODUCT_NAME = "$(TARGET_NAME)";
				SWIFT_EMIT_LOC_STRINGS = NO;
				SWIFT_VERSION = 5.0;
				TARGETED_DEVICE_FAMILY = "1,2";
				TEST_TARGET_NAME = ImagePicker;
			};
			name = Release;
		};
/* End XCBuildConfiguration section */

/* Begin XCConfigurationList section */
		66ED177B29C2D1AD0068FBF4 /* Build configuration list for PBXProject "ImagePicker" */ = {
			isa = XCConfigurationList;
			buildConfigurations = (
				66ED17A829C2D1AE0068FBF4 /* Debug */,
				66ED17A929C2D1AE0068FBF4 /* Release */,
			);
			defaultConfigurationIsVisible = 0;
			defaultConfigurationName = Release;
		};
		66ED17AA29C2D1AE0068FBF4 /* Build configuration list for PBXNativeTarget "ImagePicker" */ = {
			isa = XCConfigurationList;
			buildConfigurations = (
				66ED17AB29C2D1AE0068FBF4 /* Debug */,
				66ED17AC29C2D1AE0068FBF4 /* Release */,
			);
			defaultConfigurationIsVisible = 0;
			defaultConfigurationName = Release;
		};
		66ED17AD29C2D1AE0068FBF4 /* Build configuration list for PBXNativeTarget "ImagePickerTests" */ = {
			isa = XCConfigurationList;
			buildConfigurations = (
				66ED17AE29C2D1AE0068FBF4 /* Debug */,
				66ED17AF29C2D1AE0068FBF4 /* Release */,
			);
			defaultConfigurationIsVisible = 0;
			defaultConfigurationName = Release;
		};
		66ED17B029C2D1AE0068FBF4 /* Build configuration list for PBXNativeTarget "ImagePickerUITests" */ = {
			isa = XCConfigurationList;
			buildConfigurations = (
				66ED17B129C2D1AE0068FBF4 /* Debug */,
				66ED17B229C2D1AE0068FBF4 /* Release */,
			);
			defaultConfigurationIsVisible = 0;
			defaultConfigurationName = Release;
		};
/* End XCConfigurationList section */
	};
	rootObject = 66ED177829C2D1AD0068FBF4 /* Project object */;
}
