// !$*UTF8*$!
{
	archiveVersion = 1;
	classes = {
	};
	objectVersion = 56;
	objects = {

/* Begin PBXBuildFile section */
		664D75ED2AEB889400097C8C /* AppDelegate.swift in Sources */ = {isa = PBXBuildFile; fileRef = 664D75EC2AEB889400097C8C /* AppDelegate.swift */; };
		664D75EF2AEB889400097C8C /* SceneDelegate.swift in Sources */ = {isa = PBXBuildFile; fileRef = 664D75EE2AEB889400097C8C /* SceneDelegate.swift */; };
		664D75F12AEB889400097C8C /* LoginViewController.swift in Sources */ = {isa = PBXBuildFile; fileRef = 664D75F02AEB889400097C8C /* LoginViewController.swift */; };
		664D75F42AEB889400097C8C /* Main.storyboard in Resources */ = {isa = PBXBuildFile; fileRef = 664D75F22AEB889400097C8C /* Main.storyboard */; };
		664D75F62AEB889500097C8C /* Assets.xcassets in Resources */ = {isa = PBXBuildFile; fileRef = 664D75F52AEB889500097C8C /* Assets.xcassets */; };
		664D75F92AEB889500097C8C /* LaunchScreen.storyboard in Resources */ = {isa = PBXBuildFile; fileRef = 664D75F72AEB889500097C8C /* LaunchScreen.storyboard */; };
		664D76022AEB895800097C8C /* MessageKit in Frameworks */ = {isa = PBXBuildFile; productRef = 664D76012AEB895800097C8C /* MessageKit */; };
		664D76052AEB8A1800097C8C /* FirebaseAuth in Frameworks */ = {isa = PBXBuildFile; productRef = 664D76042AEB8A1800097C8C /* FirebaseAuth */; };
		664D76072AEB8A1800097C8C /* FirebaseFirestore in Frameworks */ = {isa = PBXBuildFile; productRef = 664D76062AEB8A1800097C8C /* FirebaseFirestore */; };
		664D76092AEB8A1800097C8C /* FirebaseFirestoreSwift in Frameworks */ = {isa = PBXBuildFile; productRef = 664D76082AEB8A1800097C8C /* FirebaseFirestoreSwift */; };
		664D760C2AEB8A3600097C8C /* FirebaseStorage in Frameworks */ = {isa = PBXBuildFile; productRef = 664D760B2AEB8A3600097C8C /* FirebaseStorage */; };
		664D760F2AEB8B2A00097C8C /* SnapKit in Frameworks */ = {isa = PBXBuildFile; productRef = 664D760E2AEB8B2A00097C8C /* SnapKit */; };
		664D76122AEB8C2A00097C8C /* Channel.swift in Sources */ = {isa = PBXBuildFile; fileRef = 664D76112AEB8C2A00097C8C /* Channel.swift */; };
		664D76152AEB8C4D00097C8C /* Channel+.swift in Sources */ = {isa = PBXBuildFile; fileRef = 664D76142AEB8C4D00097C8C /* Channel+.swift */; };
		664D76172AEB8C9400097C8C /* ImageMediaItem.swift in Sources */ = {isa = PBXBuildFile; fileRef = 664D76162AEB8C9400097C8C /* ImageMediaItem.swift */; };
		664D76192AEB8D6400097C8C /* Message.swift in Sources */ = {isa = PBXBuildFile; fileRef = 664D76182AEB8D6400097C8C /* Message.swift */; };
		664D761B2AEB956500097C8C /* Sender.swift in Sources */ = {isa = PBXBuildFile; fileRef = 664D761A2AEB956500097C8C /* Sender.swift */; };
		664D761D2AEB95C200097C8C /* Message+.swift in Sources */ = {isa = PBXBuildFile; fileRef = 664D761C2AEB95C200097C8C /* Message+.swift */; };
		664D76212AEB97DF00097C8C /* ChannelViewController.swift in Sources */ = {isa = PBXBuildFile; fileRef = 664D76202AEB97DF00097C8C /* ChannelViewController.swift */; };
		664D76252AEB997A00097C8C /* ChannelViewController+.swift in Sources */ = {isa = PBXBuildFile; fileRef = 664D76242AEB997A00097C8C /* ChannelViewController+.swift */; };
		664D76272AEB9A9D00097C8C /* UIColor+.swift in Sources */ = {isa = PBXBuildFile; fileRef = 664D76262AEB9A9D00097C8C /* UIColor+.swift */; };
		664D76292AEBA74000097C8C /* GoogleService-Info.plist in Resources */ = {isa = PBXBuildFile; fileRef = 664D76282AEBA74000097C8C /* GoogleService-Info.plist */; };
		664D762B2AEBA8E200097C8C /* AppController.swift in Sources */ = {isa = PBXBuildFile; fileRef = 664D762A2AEBA8E200097C8C /* AppController.swift */; };
		664D762D2AEBB44D00097C8C /* ChannelTableViewCell.swift in Sources */ = {isa = PBXBuildFile; fileRef = 664D762C2AEBB44D00097C8C /* ChannelTableViewCell.swift */; };
		664D76302AEBB54000097C8C /* ChatViewController.swift in Sources */ = {isa = PBXBuildFile; fileRef = 664D762F2AEBB54000097C8C /* ChatViewController.swift */; };
		664D76332AEBB60300097C8C /* BaseNavigationController.swift in Sources */ = {isa = PBXBuildFile; fileRef = 664D76322AEBB60300097C8C /* BaseNavigationController.swift */; };
		664D76352AEBB66400097C8C /* BaseViewController.swift in Sources */ = {isa = PBXBuildFile; fileRef = 664D76342AEBB66400097C8C /* BaseViewController.swift */; };
		66614A292AF1E7E4005A594B /* ChatViewController+.swift in Sources */ = {isa = PBXBuildFile; fileRef = 66614A282AF1E7E4005A594B /* ChatViewController+.swift */; };
		66614A2B2AF1F3A2005A594B /* Encodable+.swift in Sources */ = {isa = PBXBuildFile; fileRef = 66614A2A2AF1F3A2005A594B /* Encodable+.swift */; };
		66614A2F2AF1F4D6005A594B /* DatabaseRepresentation.swift in Sources */ = {isa = PBXBuildFile; fileRef = 66614A2E2AF1F4D6005A594B /* DatabaseRepresentation.swift */; };
/* End PBXBuildFile section */

/* Begin PBXFileReference section */
		664D75E92AEB889400097C8C /* ChatDemo.app */ = {isa = PBXFileReference; explicitFileType = wrapper.application; includeInIndex = 0; path = ChatDemo.app; sourceTree = BUILT_PRODUCTS_DIR; };
		664D75EC2AEB889400097C8C /* AppDelegate.swift */ = {isa = PBXFileReference; lastKnownFileType = sourcecode.swift; path = AppDelegate.swift; sourceTree = "<group>"; };
		664D75EE2AEB889400097C8C /* SceneDelegate.swift */ = {isa = PBXFileReference; lastKnownFileType = sourcecode.swift; path = SceneDelegate.swift; sourceTree = "<group>"; };
		664D75F02AEB889400097C8C /* LoginViewController.swift */ = {isa = PBXFileReference; lastKnownFileType = sourcecode.swift; path = LoginViewController.swift; sourceTree = "<group>"; };
		664D75F32AEB889400097C8C /* Base */ = {isa = PBXFileReference; lastKnownFileType = file.storyboard; name = Base; path = Base.lproj/Main.storyboard; sourceTree = "<group>"; };
		664D75F52AEB889500097C8C /* Assets.xcassets */ = {isa = PBXFileReference; lastKnownFileType = folder.assetcatalog; path = Assets.xcassets; sourceTree = "<group>"; };
		664D75F82AEB889500097C8C /* Base */ = {isa = PBXFileReference; lastKnownFileType = file.storyboard; name = Base; path = Base.lproj/LaunchScreen.storyboard; sourceTree = "<group>"; };
		664D75FA2AEB889500097C8C /* Info.plist */ = {isa = PBXFileReference; lastKnownFileType = text.plist.xml; path = Info.plist; sourceTree = "<group>"; };
		664D76112AEB8C2A00097C8C /* Channel.swift */ = {isa = PBXFileReference; lastKnownFileType = sourcecode.swift; path = Channel.swift; sourceTree = "<group>"; };
		664D76142AEB8C4D00097C8C /* Channel+.swift */ = {isa = PBXFileReference; lastKnownFileType = sourcecode.swift; path = "Channel+.swift"; sourceTree = "<group>"; };
		664D76162AEB8C9400097C8C /* ImageMediaItem.swift */ = {isa = PBXFileReference; lastKnownFileType = sourcecode.swift; path = ImageMediaItem.swift; sourceTree = "<group>"; };
		664D76182AEB8D6400097C8C /* Message.swift */ = {isa = PBXFileReference; lastKnownFileType = sourcecode.swift; path = Message.swift; sourceTree = "<group>"; };
		664D761A2AEB956500097C8C /* Sender.swift */ = {isa = PBXFileReference; lastKnownFileType = sourcecode.swift; path = Sender.swift; sourceTree = "<group>"; };
		664D761C2AEB95C200097C8C /* Message+.swift */ = {isa = PBXFileReference; lastKnownFileType = sourcecode.swift; path = "Message+.swift"; sourceTree = "<group>"; };
		664D76202AEB97DF00097C8C /* ChannelViewController.swift */ = {isa = PBXFileReference; lastKnownFileType = sourcecode.swift; path = ChannelViewController.swift; sourceTree = "<group>"; };
		664D76242AEB997A00097C8C /* ChannelViewController+.swift */ = {isa = PBXFileReference; lastKnownFileType = sourcecode.swift; path = "ChannelViewController+.swift"; sourceTree = "<group>"; };
		664D76262AEB9A9D00097C8C /* UIColor+.swift */ = {isa = PBXFileReference; lastKnownFileType = sourcecode.swift; path = "UIColor+.swift"; sourceTree = "<group>"; };
		664D76282AEBA74000097C8C /* GoogleService-Info.plist */ = {isa = PBXFileReference; fileEncoding = 4; lastKnownFileType = text.plist.xml; path = "GoogleService-Info.plist"; sourceTree = "<group>"; };
		664D762A2AEBA8E200097C8C /* AppController.swift */ = {isa = PBXFileReference; lastKnownFileType = sourcecode.swift; path = AppController.swift; sourceTree = "<group>"; };
		664D762C2AEBB44D00097C8C /* ChannelTableViewCell.swift */ = {isa = PBXFileReference; lastKnownFileType = sourcecode.swift; path = ChannelTableViewCell.swift; sourceTree = "<group>"; };
		664D762F2AEBB54000097C8C /* ChatViewController.swift */ = {isa = PBXFileReference; lastKnownFileType = sourcecode.swift; path = ChatViewController.swift; sourceTree = "<group>"; };
		664D76322AEBB60300097C8C /* BaseNavigationController.swift */ = {isa = PBXFileReference; lastKnownFileType = sourcecode.swift; path = BaseNavigationController.swift; sourceTree = "<group>"; };
		664D76342AEBB66400097C8C /* BaseViewController.swift */ = {isa = PBXFileReference; lastKnownFileType = sourcecode.swift; path = BaseViewController.swift; sourceTree = "<group>"; };
		66614A282AF1E7E4005A594B /* ChatViewController+.swift */ = {isa = PBXFileReference; lastKnownFileType = sourcecode.swift; path = "ChatViewController+.swift"; sourceTree = "<group>"; };
		66614A2A2AF1F3A2005A594B /* Encodable+.swift */ = {isa = PBXFileReference; lastKnownFileType = sourcecode.swift; path = "Encodable+.swift"; sourceTree = "<group>"; };
		66614A2E2AF1F4D6005A594B /* DatabaseRepresentation.swift */ = {isa = PBXFileReference; lastKnownFileType = sourcecode.swift; path = DatabaseRepresentation.swift; sourceTree = "<group>"; };
/* End PBXFileReference section */

/* Begin PBXFrameworksBuildPhase section */
		664D75E62AEB889400097C8C /* Frameworks */ = {
			isa = PBXFrameworksBuildPhase;
			buildActionMask = 2147483647;
			files = (
				664D76022AEB895800097C8C /* MessageKit in Frameworks */,
				664D76052AEB8A1800097C8C /* FirebaseAuth in Frameworks */,
				664D76072AEB8A1800097C8C /* FirebaseFirestore in Frameworks */,
				664D760F2AEB8B2A00097C8C /* SnapKit in Frameworks */,
				664D760C2AEB8A3600097C8C /* FirebaseStorage in Frameworks */,
				664D76092AEB8A1800097C8C /* FirebaseFirestoreSwift in Frameworks */,
			);
			runOnlyForDeploymentPostprocessing = 0;
		};
/* End PBXFrameworksBuildPhase section */

/* Begin PBXGroup section */
		664D75E02AEB889400097C8C = {
			isa = PBXGroup;
			children = (
				664D75EB2AEB889400097C8C /* ChatDemo */,
				664D75EA2AEB889400097C8C /* Products */,
				664D760A2AEB8A3600097C8C /* Frameworks */,
			);
			sourceTree = "<group>";
		};
		664D75EA2AEB889400097C8C /* Products */ = {
			isa = PBXGroup;
			children = (
				664D75E92AEB889400097C8C /* ChatDemo.app */,
			);
			name = Products;
			sourceTree = "<group>";
		};
		664D75EB2AEB889400097C8C /* ChatDemo */ = {
			isa = PBXGroup;
			children = (
				664D761F2AEB96BB00097C8C /* Views */,
				664D761E2AEB965E00097C8C /* Resource */,
				66614A2D2AF1F4C0005A594B /* Protocol */,
				664D76132AEB8C4300097C8C /* Extension */,
				664D76102AEB8C1E00097C8C /* Model */,
				664D75EE2AEB889400097C8C /* SceneDelegate.swift */,
				664D75F22AEB889400097C8C /* Main.storyboard */,
				664D75F72AEB889500097C8C /* LaunchScreen.storyboard */,
			);
			path = ChatDemo;
			sourceTree = "<group>";
		};
		664D760A2AEB8A3600097C8C /* Frameworks */ = {
			isa = PBXGroup;
			children = (
			);
			name = Frameworks;
			sourceTree = "<group>";
		};
		664D76102AEB8C1E00097C8C /* Model */ = {
			isa = PBXGroup;
			children = (
				664D76112AEB8C2A00097C8C /* Channel.swift */,
				664D76142AEB8C4D00097C8C /* Channel+.swift */,
				664D76162AEB8C9400097C8C /* ImageMediaItem.swift */,
				664D76182AEB8D6400097C8C /* Message.swift */,
				664D761C2AEB95C200097C8C /* Message+.swift */,
				664D761A2AEB956500097C8C /* Sender.swift */,
			);
			path = Model;
			sourceTree = "<group>";
		};
		664D76132AEB8C4300097C8C /* Extension */ = {
			isa = PBXGroup;
			children = (
				664D76262AEB9A9D00097C8C /* UIColor+.swift */,
				66614A2A2AF1F3A2005A594B /* Encodable+.swift */,
			);
			path = Extension;
			sourceTree = "<group>";
		};
		664D761E2AEB965E00097C8C /* Resource */ = {
			isa = PBXGroup;
			children = (
				664D76282AEBA74000097C8C /* GoogleService-Info.plist */,
				664D75EC2AEB889400097C8C /* AppDelegate.swift */,
				664D75F52AEB889500097C8C /* Assets.xcassets */,
				664D75FA2AEB889500097C8C /* Info.plist */,
			);
			path = Resource;
			sourceTree = "<group>";
		};
		664D761F2AEB96BB00097C8C /* Views */ = {
			isa = PBXGroup;
			children = (
				664D76312AEBB5EC00097C8C /* BaseView */,
				664D762E2AEBB53400097C8C /* ChatView */,
				664D76232AEB996000097C8C /* ChannelView */,
				664D76222AEB995800097C8C /* LoginView */,
				664D762A2AEBA8E200097C8C /* AppController.swift */,
			);
			path = Views;
			sourceTree = "<group>";
		};
		664D76222AEB995800097C8C /* LoginView */ = {
			isa = PBXGroup;
			children = (
				664D75F02AEB889400097C8C /* LoginViewController.swift */,
			);
			path = LoginView;
			sourceTree = "<group>";
		};
		664D76232AEB996000097C8C /* ChannelView */ = {
			isa = PBXGroup;
			children = (
				664D76202AEB97DF00097C8C /* ChannelViewController.swift */,
				664D76242AEB997A00097C8C /* ChannelViewController+.swift */,
				664D762C2AEBB44D00097C8C /* ChannelTableViewCell.swift */,
			);
			path = ChannelView;
			sourceTree = "<group>";
		};
		664D762E2AEBB53400097C8C /* ChatView */ = {
			isa = PBXGroup;
			children = (
				664D762F2AEBB54000097C8C /* ChatViewController.swift */,
				66614A282AF1E7E4005A594B /* ChatViewController+.swift */,
			);
			path = ChatView;
			sourceTree = "<group>";
		};
		664D76312AEBB5EC00097C8C /* BaseView */ = {
			isa = PBXGroup;
			children = (
				664D76322AEBB60300097C8C /* BaseNavigationController.swift */,
				664D76342AEBB66400097C8C /* BaseViewController.swift */,
			);
			path = BaseView;
			sourceTree = "<group>";
		};
		66614A2D2AF1F4C0005A594B /* Protocol */ = {
			isa = PBXGroup;
			children = (
				66614A2E2AF1F4D6005A594B /* DatabaseRepresentation.swift */,
			);
			path = Protocol;
			sourceTree = "<group>";
		};
/* End PBXGroup section */

/* Begin PBXNativeTarget section */
		664D75E82AEB889400097C8C /* ChatDemo */ = {
			isa = PBXNativeTarget;
			buildConfigurationList = 664D75FD2AEB889500097C8C /* Build configuration list for PBXNativeTarget "ChatDemo" */;
			buildPhases = (
				664D75E52AEB889400097C8C /* Sources */,
				664D75E62AEB889400097C8C /* Frameworks */,
				664D75E72AEB889400097C8C /* Resources */,
			);
			buildRules = (
			);
			dependencies = (
			);
			name = ChatDemo;
			packageProductDependencies = (
				664D76012AEB895800097C8C /* MessageKit */,
				664D76042AEB8A1800097C8C /* FirebaseAuth */,
				664D76062AEB8A1800097C8C /* FirebaseFirestore */,
				664D76082AEB8A1800097C8C /* FirebaseFirestoreSwift */,
				664D760B2AEB8A3600097C8C /* FirebaseStorage */,
				664D760E2AEB8B2A00097C8C /* SnapKit */,
			);
			productName = ChatDemo;
			productReference = 664D75E92AEB889400097C8C /* ChatDemo.app */;
			productType = "com.apple.product-type.application";
		};
/* End PBXNativeTarget section */

/* Begin PBXProject section */
		664D75E12AEB889400097C8C /* Project object */ = {
			isa = PBXProject;
			attributes = {
				BuildIndependentTargetsInParallel = 1;
				LastSwiftUpdateCheck = 1500;
				LastUpgradeCheck = 1500;
				TargetAttributes = {
					664D75E82AEB889400097C8C = {
						CreatedOnToolsVersion = 15.0.1;
					};
				};
			};
			buildConfigurationList = 664D75E42AEB889400097C8C /* Build configuration list for PBXProject "ChatDemo" */;
			compatibilityVersion = "Xcode 14.0";
			developmentRegion = en;
			hasScannedForEncodings = 0;
			knownRegions = (
				en,
				Base,
			);
			mainGroup = 664D75E02AEB889400097C8C;
			packageReferences = (
				664D76002AEB895800097C8C /* XCRemoteSwiftPackageReference "MessageKit" */,
				664D76032AEB8A1800097C8C /* XCRemoteSwiftPackageReference "firebase-ios-sdk" */,
				664D760D2AEB8B2A00097C8C /* XCRemoteSwiftPackageReference "SnapKit" */,
			);
			productRefGroup = 664D75EA2AEB889400097C8C /* Products */;
			projectDirPath = "";
			projectRoot = "";
			targets = (
				664D75E82AEB889400097C8C /* ChatDemo */,
			);
		};
/* End PBXProject section */

/* Begin PBXResourcesBuildPhase section */
		664D75E72AEB889400097C8C /* Resources */ = {
			isa = PBXResourcesBuildPhase;
			buildActionMask = 2147483647;
			files = (
				664D75F92AEB889500097C8C /* LaunchScreen.storyboard in Resources */,
				664D76292AEBA74000097C8C /* GoogleService-Info.plist in Resources */,
				664D75F62AEB889500097C8C /* Assets.xcassets in Resources */,
				664D75F42AEB889400097C8C /* Main.storyboard in Resources */,
			);
			runOnlyForDeploymentPostprocessing = 0;
		};
/* End PBXResourcesBuildPhase section */

/* Begin PBXSourcesBuildPhase section */
		664D75E52AEB889400097C8C /* Sources */ = {
			isa = PBXSourcesBuildPhase;
			buildActionMask = 2147483647;
			files = (
				664D761B2AEB956500097C8C /* Sender.swift in Sources */,
				664D75F12AEB889400097C8C /* LoginViewController.swift in Sources */,
				664D762B2AEBA8E200097C8C /* AppController.swift in Sources */,
				66614A2F2AF1F4D6005A594B /* DatabaseRepresentation.swift in Sources */,
				664D762D2AEBB44D00097C8C /* ChannelTableViewCell.swift in Sources */,
				664D76172AEB8C9400097C8C /* ImageMediaItem.swift in Sources */,
				664D76122AEB8C2A00097C8C /* Channel.swift in Sources */,
				664D76212AEB97DF00097C8C /* ChannelViewController.swift in Sources */,
				664D76352AEBB66400097C8C /* BaseViewController.swift in Sources */,
				664D76272AEB9A9D00097C8C /* UIColor+.swift in Sources */,
				664D76332AEBB60300097C8C /* BaseNavigationController.swift in Sources */,
				664D75ED2AEB889400097C8C /* AppDelegate.swift in Sources */,
				664D76252AEB997A00097C8C /* ChannelViewController+.swift in Sources */,
				664D75EF2AEB889400097C8C /* SceneDelegate.swift in Sources */,
				664D76152AEB8C4D00097C8C /* Channel+.swift in Sources */,
				664D76192AEB8D6400097C8C /* Message.swift in Sources */,
				66614A2B2AF1F3A2005A594B /* Encodable+.swift in Sources */,
				664D76302AEBB54000097C8C /* ChatViewController.swift in Sources */,
				66614A292AF1E7E4005A594B /* ChatViewController+.swift in Sources */,
				664D761D2AEB95C200097C8C /* Message+.swift in Sources */,
			);
			runOnlyForDeploymentPostprocessing = 0;
		};
/* End PBXSourcesBuildPhase section */

/* Begin PBXVariantGroup section */
		664D75F22AEB889400097C8C /* Main.storyboard */ = {
			isa = PBXVariantGroup;
			children = (
				664D75F32AEB889400097C8C /* Base */,
			);
			name = Main.storyboard;
			sourceTree = "<group>";
		};
		664D75F72AEB889500097C8C /* LaunchScreen.storyboard */ = {
			isa = PBXVariantGroup;
			children = (
				664D75F82AEB889500097C8C /* Base */,
			);
			name = LaunchScreen.storyboard;
			sourceTree = "<group>";
		};
/* End PBXVariantGroup section */

/* Begin XCBuildConfiguration section */
		664D75FB2AEB889500097C8C /* Debug */ = {
			isa = XCBuildConfiguration;
			buildSettings = {
				ALWAYS_SEARCH_USER_PATHS = NO;
				ASSETCATALOG_COMPILER_GENERATE_SWIFT_ASSET_SYMBOL_EXTENSIONS = YES;
				CLANG_ANALYZER_NONNULL = YES;
				CLANG_ANALYZER_NUMBER_OBJECT_CONVERSION = YES_AGGRESSIVE;
				CLANG_CXX_LANGUAGE_STANDARD = "gnu++20";
				CLANG_ENABLE_MODULES = YES;
				CLANG_ENABLE_OBJC_ARC = YES;
				CLANG_ENABLE_OBJC_WEAK = YES;
				CLANG_WARN_BLOCK_CAPTURE_AUTORELEASING = YES;
				CLANG_WARN_BOOL_CONVERSION = YES;
				CLANG_WARN_COMMA = YES;
				CLANG_WARN_CONSTANT_CONVERSION = YES;
				CLANG_WARN_DEPRECATED_OBJC_IMPLEMENTATIONS = YES;
				CLANG_WARN_DIRECT_OBJC_ISA_USAGE = YES_ERROR;
				CLANG_WARN_DOCUMENTATION_COMMENTS = YES;
				CLANG_WARN_EMPTY_BODY = YES;
				CLANG_WARN_ENUM_CONVERSION = YES;
				CLANG_WARN_INFINITE_RECURSION = YES;
				CLANG_WARN_INT_CONVERSION = YES;
				CLANG_WARN_NON_LITERAL_NULL_CONVERSION = YES;
				CLANG_WARN_OBJC_IMPLICIT_RETAIN_SELF = YES;
				CLANG_WARN_OBJC_LITERAL_CONVERSION = YES;
				CLANG_WARN_OBJC_ROOT_CLASS = YES_ERROR;
				CLANG_WARN_QUOTED_INCLUDE_IN_FRAMEWORK_HEADER = YES;
				CLANG_WARN_RANGE_LOOP_ANALYSIS = YES;
				CLANG_WARN_STRICT_PROTOTYPES = YES;
				CLANG_WARN_SUSPICIOUS_MOVE = YES;
				CLANG_WARN_UNGUARDED_AVAILABILITY = YES_AGGRESSIVE;
				CLANG_WARN_UNREACHABLE_CODE = YES;
				CLANG_WARN__DUPLICATE_METHOD_MATCH = YES;
				COPY_PHASE_STRIP = NO;
				DEBUG_INFORMATION_FORMAT = dwarf;
				ENABLE_STRICT_OBJC_MSGSEND = YES;
				ENABLE_TESTABILITY = YES;
				ENABLE_USER_SCRIPT_SANDBOXING = YES;
				GCC_C_LANGUAGE_STANDARD = gnu17;
				GCC_DYNAMIC_NO_PIC = NO;
				GCC_NO_COMMON_BLOCKS = YES;
				GCC_OPTIMIZATION_LEVEL = 0;
				GCC_PREPROCESSOR_DEFINITIONS = (
					"DEBUG=1",
					"$(inherited)",
				);
				GCC_WARN_64_TO_32_BIT_CONVERSION = YES;
				GCC_WARN_ABOUT_RETURN_TYPE = YES_ERROR;
				GCC_WARN_UNDECLARED_SELECTOR = YES;
				GCC_WARN_UNINITIALIZED_AUTOS = YES_AGGRESSIVE;
				GCC_WARN_UNUSED_FUNCTION = YES;
				GCC_WARN_UNUSED_VARIABLE = YES;
				IPHONEOS_DEPLOYMENT_TARGET = 17.0;
				LOCALIZATION_PREFERS_STRING_CATALOGS = YES;
				MTL_ENABLE_DEBUG_INFO = INCLUDE_SOURCE;
				MTL_FAST_MATH = YES;
				ONLY_ACTIVE_ARCH = YES;
				SDKROOT = iphoneos;
				SWIFT_ACTIVE_COMPILATION_CONDITIONS = "DEBUG $(inherited)";
				SWIFT_OPTIMIZATION_LEVEL = "-Onone";
			};
			name = Debug;
		};
		664D75FC2AEB889500097C8C /* Release */ = {
			isa = XCBuildConfiguration;
			buildSettings = {
				ALWAYS_SEARCH_USER_PATHS = NO;
				ASSETCATALOG_COMPILER_GENERATE_SWIFT_ASSET_SYMBOL_EXTENSIONS = YES;
				CLANG_ANALYZER_NONNULL = YES;
				CLANG_ANALYZER_NUMBER_OBJECT_CONVERSION = YES_AGGRESSIVE;
				CLANG_CXX_LANGUAGE_STANDARD = "gnu++20";
				CLANG_ENABLE_MODULES = YES;
				CLANG_ENABLE_OBJC_ARC = YES;
				CLANG_ENABLE_OBJC_WEAK = YES;
				CLANG_WARN_BLOCK_CAPTURE_AUTORELEASING = YES;
				CLANG_WARN_BOOL_CONVERSION = YES;
				CLANG_WARN_COMMA = YES;
				CLANG_WARN_CONSTANT_CONVERSION = YES;
				CLANG_WARN_DEPRECATED_OBJC_IMPLEMENTATIONS = YES;
				CLANG_WARN_DIRECT_OBJC_ISA_USAGE = YES_ERROR;
				CLANG_WARN_DOCUMENTATION_COMMENTS = YES;
				CLANG_WARN_EMPTY_BODY = YES;
				CLANG_WARN_ENUM_CONVERSION = YES;
				CLANG_WARN_INFINITE_RECURSION = YES;
				CLANG_WARN_INT_CONVERSION = YES;
				CLANG_WARN_NON_LITERAL_NULL_CONVERSION = YES;
				CLANG_WARN_OBJC_IMPLICIT_RETAIN_SELF = YES;
				CLANG_WARN_OBJC_LITERAL_CONVERSION = YES;
				CLANG_WARN_OBJC_ROOT_CLASS = YES_ERROR;
				CLANG_WARN_QUOTED_INCLUDE_IN_FRAMEWORK_HEADER = YES;
				CLANG_WARN_RANGE_LOOP_ANALYSIS = YES;
				CLANG_WARN_STRICT_PROTOTYPES = YES;
				CLANG_WARN_SUSPICIOUS_MOVE = YES;
				CLANG_WARN_UNGUARDED_AVAILABILITY = YES_AGGRESSIVE;
				CLANG_WARN_UNREACHABLE_CODE = YES;
				CLANG_WARN__DUPLICATE_METHOD_MATCH = YES;
				COPY_PHASE_STRIP = NO;
				DEBUG_INFORMATION_FORMAT = "dwarf-with-dsym";
				ENABLE_NS_ASSERTIONS = NO;
				ENABLE_STRICT_OBJC_MSGSEND = YES;
				ENABLE_USER_SCRIPT_SANDBOXING = YES;
				GCC_C_LANGUAGE_STANDARD = gnu17;
				GCC_NO_COMMON_BLOCKS = YES;
				GCC_WARN_64_TO_32_BIT_CONVERSION = YES;
				GCC_WARN_ABOUT_RETURN_TYPE = YES_ERROR;
				GCC_WARN_UNDECLARED_SELECTOR = YES;
				GCC_WARN_UNINITIALIZED_AUTOS = YES_AGGRESSIVE;
				GCC_WARN_UNUSED_FUNCTION = YES;
				GCC_WARN_UNUSED_VARIABLE = YES;
				IPHONEOS_DEPLOYMENT_TARGET = 17.0;
				LOCALIZATION_PREFERS_STRING_CATALOGS = YES;
				MTL_ENABLE_DEBUG_INFO = NO;
				MTL_FAST_MATH = YES;
				SDKROOT = iphoneos;
				SWIFT_COMPILATION_MODE = wholemodule;
				VALIDATE_PRODUCT = YES;
			};
			name = Release;
		};
		664D75FE2AEB889500097C8C /* Debug */ = {
			isa = XCBuildConfiguration;
			buildSettings = {
				ASSETCATALOG_COMPILER_APPICON_NAME = AppIcon;
				ASSETCATALOG_COMPILER_GLOBAL_ACCENT_COLOR_NAME = AccentColor;
				CODE_SIGN_STYLE = Automatic;
				CURRENT_PROJECT_VERSION = 1;
				DEVELOPMENT_TEAM = RF42434X35;
				GENERATE_INFOPLIST_FILE = YES;
				INFOPLIST_FILE = ChatDemo/Info.plist;
				INFOPLIST_KEY_UIApplicationSupportsIndirectInputEvents = YES;
				INFOPLIST_KEY_UILaunchStoryboardName = LaunchScreen;
				INFOPLIST_KEY_UIMainStoryboardFile = Main;
				INFOPLIST_KEY_UISupportedInterfaceOrientations_iPad = "UIInterfaceOrientationPortrait UIInterfaceOrientationPortraitUpsideDown UIInterfaceOrientationLandscapeLeft UIInterfaceOrientationLandscapeRight";
				INFOPLIST_KEY_UISupportedInterfaceOrientations_iPhone = "UIInterfaceOrientationPortrait UIInterfaceOrientationLandscapeLeft UIInterfaceOrientationLandscapeRight";
				LD_RUNPATH_SEARCH_PATHS = (
					"$(inherited)",
					"@executable_path/Frameworks",
				);
				MARKETING_VERSION = 1.0;
				PRODUCT_BUNDLE_IDENTIFIER = com.Taeyoung.ChatDemo;
				PRODUCT_NAME = "$(TARGET_NAME)";
				SWIFT_EMIT_LOC_STRINGS = YES;
				SWIFT_VERSION = 5.0;
				TARGETED_DEVICE_FAMILY = "1,2";
			};
			name = Debug;
		};
		664D75FF2AEB889500097C8C /* Release */ = {
			isa = XCBuildConfiguration;
			buildSettings = {
				ASSETCATALOG_COMPILER_APPICON_NAME = AppIcon;
				ASSETCATALOG_COMPILER_GLOBAL_ACCENT_COLOR_NAME = AccentColor;
				CODE_SIGN_STYLE = Automatic;
				CURRENT_PROJECT_VERSION = 1;
				DEVELOPMENT_TEAM = RF42434X35;
				GENERATE_INFOPLIST_FILE = YES;
				INFOPLIST_FILE = ChatDemo/Info.plist;
				INFOPLIST_KEY_UIApplicationSupportsIndirectInputEvents = YES;
				INFOPLIST_KEY_UILaunchStoryboardName = LaunchScreen;
				INFOPLIST_KEY_UIMainStoryboardFile = Main;
				INFOPLIST_KEY_UISupportedInterfaceOrientations_iPad = "UIInterfaceOrientationPortrait UIInterfaceOrientationPortraitUpsideDown UIInterfaceOrientationLandscapeLeft UIInterfaceOrientationLandscapeRight";
				INFOPLIST_KEY_UISupportedInterfaceOrientations_iPhone = "UIInterfaceOrientationPortrait UIInterfaceOrientationLandscapeLeft UIInterfaceOrientationLandscapeRight";
				LD_RUNPATH_SEARCH_PATHS = (
					"$(inherited)",
					"@executable_path/Frameworks",
				);
				MARKETING_VERSION = 1.0;
				PRODUCT_BUNDLE_IDENTIFIER = com.Taeyoung.ChatDemo;
				PRODUCT_NAME = "$(TARGET_NAME)";
				SWIFT_EMIT_LOC_STRINGS = YES;
				SWIFT_VERSION = 5.0;
				TARGETED_DEVICE_FAMILY = "1,2";
			};
			name = Release;
		};
/* End XCBuildConfiguration section */

/* Begin XCConfigurationList section */
		664D75E42AEB889400097C8C /* Build configuration list for PBXProject "ChatDemo" */ = {
			isa = XCConfigurationList;
			buildConfigurations = (
				664D75FB2AEB889500097C8C /* Debug */,
				664D75FC2AEB889500097C8C /* Release */,
			);
			defaultConfigurationIsVisible = 0;
			defaultConfigurationName = Release;
		};
		664D75FD2AEB889500097C8C /* Build configuration list for PBXNativeTarget "ChatDemo" */ = {
			isa = XCConfigurationList;
			buildConfigurations = (
				664D75FE2AEB889500097C8C /* Debug */,
				664D75FF2AEB889500097C8C /* Release */,
			);
			defaultConfigurationIsVisible = 0;
			defaultConfigurationName = Release;
		};
/* End XCConfigurationList section */

/* Begin XCRemoteSwiftPackageReference section */
		664D76002AEB895800097C8C /* XCRemoteSwiftPackageReference "MessageKit" */ = {
			isa = XCRemoteSwiftPackageReference;
			repositoryURL = "https://github.com/MessageKit/MessageKit";
			requirement = {
				kind = upToNextMajorVersion;
				minimumVersion = 4.2.0;
			};
		};
		664D76032AEB8A1800097C8C /* XCRemoteSwiftPackageReference "firebase-ios-sdk" */ = {
			isa = XCRemoteSwiftPackageReference;
			repositoryURL = "https://github.com/firebase/firebase-ios-sdk";
			requirement = {
				kind = upToNextMajorVersion;
				minimumVersion = 10.16.0;
			};
		};
		664D760D2AEB8B2A00097C8C /* XCRemoteSwiftPackageReference "SnapKit" */ = {
			isa = XCRemoteSwiftPackageReference;
			repositoryURL = "https://github.com/SnapKit/SnapKit.git";
			requirement = {
				kind = upToNextMajorVersion;
				minimumVersion = 5.6.0;
			};
		};
/* End XCRemoteSwiftPackageReference section */

/* Begin XCSwiftPackageProductDependency section */
		664D76012AEB895800097C8C /* MessageKit */ = {
			isa = XCSwiftPackageProductDependency;
			package = 664D76002AEB895800097C8C /* XCRemoteSwiftPackageReference "MessageKit" */;
			productName = MessageKit;
		};
		664D76042AEB8A1800097C8C /* FirebaseAuth */ = {
			isa = XCSwiftPackageProductDependency;
			package = 664D76032AEB8A1800097C8C /* XCRemoteSwiftPackageReference "firebase-ios-sdk" */;
			productName = FirebaseAuth;
		};
		664D76062AEB8A1800097C8C /* FirebaseFirestore */ = {
			isa = XCSwiftPackageProductDependency;
			package = 664D76032AEB8A1800097C8C /* XCRemoteSwiftPackageReference "firebase-ios-sdk" */;
			productName = FirebaseFirestore;
		};
		664D76082AEB8A1800097C8C /* FirebaseFirestoreSwift */ = {
			isa = XCSwiftPackageProductDependency;
			package = 664D76032AEB8A1800097C8C /* XCRemoteSwiftPackageReference "firebase-ios-sdk" */;
			productName = FirebaseFirestoreSwift;
		};
		664D760B2AEB8A3600097C8C /* FirebaseStorage */ = {
			isa = XCSwiftPackageProductDependency;
			package = 664D76032AEB8A1800097C8C /* XCRemoteSwiftPackageReference "firebase-ios-sdk" */;
			productName = FirebaseStorage;
		};
		664D760E2AEB8B2A00097C8C /* SnapKit */ = {
			isa = XCSwiftPackageProductDependency;
			package = 664D760D2AEB8B2A00097C8C /* XCRemoteSwiftPackageReference "SnapKit" */;
			productName = SnapKit;
		};
/* End XCSwiftPackageProductDependency section */
	};
	rootObject = 664D75E12AEB889400097C8C /* Project object */;
}
